// !$*UTF8*$!
{
	archiveVersion = 1;
	classes = {
	};
	objectVersion = 55;
	objects = {

/* Begin PBXBuildFile section */
		6A0AB75F2796ECE6009C80E9 /* GoogleService-Info.plist in Resources */ = {isa = PBXBuildFile; fileRef = 6A0AB75E2796ECE6009C80E9 /* GoogleService-Info.plist */; };
		6A0AB78927971B6A009C80E9 /* .swiftlint.yml in Resources */ = {isa = PBXBuildFile; fileRef = 6A0AB78827971B6A009C80E9 /* .swiftlint.yml */; };
		6A0AB79327986002009C80E9 /* UIColor+Extension.swift in Sources */ = {isa = PBXBuildFile; fileRef = 6A0AB79227986002009C80E9 /* UIColor+Extension.swift */; };
		6A0AB7952798610E009C80E9 /* UIFont+Extension.swift in Sources */ = {isa = PBXBuildFile; fileRef = 6A0AB7942798610E009C80E9 /* UIFont+Extension.swift */; };
		6A0AB7AE27986590009C80E9 /* NotoSansKR-Medium.otf in Resources */ = {isa = PBXBuildFile; fileRef = 6A0AB7AA279863EA009C80E9 /* NotoSansKR-Medium.otf */; };
		6A0AB7AF27986592009C80E9 /* NotoSansKR-Regular.otf in Resources */ = {isa = PBXBuildFile; fileRef = 6A0AB7A7279863EA009C80E9 /* NotoSansKR-Regular.otf */; };
		6A0AB7B1279866F4009C80E9 /* UILabel+Extension.swift in Sources */ = {isa = PBXBuildFile; fileRef = 6A0AB7B0279866F4009C80E9 /* UILabel+Extension.swift */; };
		6A0AB7B327987319009C80E9 /* UIButton+Extension.swift in Sources */ = {isa = PBXBuildFile; fileRef = 6A0AB7B227987319009C80E9 /* UIButton+Extension.swift */; };
		6A0AB7B527987A65009C80E9 /* UITextField+Extension.swift in Sources */ = {isa = PBXBuildFile; fileRef = 6A0AB7B427987A65009C80E9 /* UITextField+Extension.swift */; };
		6A0AB7BA2798E8C0009C80E9 /* CustomTextField.swift in Sources */ = {isa = PBXBuildFile; fileRef = 6A0AB7B92798E8C0009C80E9 /* CustomTextField.swift */; };
		6A0AB7BD27993F32009C80E9 /* CustomButton.swift in Sources */ = {isa = PBXBuildFile; fileRef = 6A0AB7BC27993F32009C80E9 /* CustomButton.swift */; };
		6A0AB7BF2799410A009C80E9 /* UIView+Extension.swift in Sources */ = {isa = PBXBuildFile; fileRef = 6A0AB7BE2799410A009C80E9 /* UIView+Extension.swift */; };
		6A0AB7C127994872009C80E9 /* OnboardingView.swift in Sources */ = {isa = PBXBuildFile; fileRef = 6A0AB7C027994872009C80E9 /* OnboardingView.swift */; };
		6A0AB7C7279C3BB9009C80E9 /* OnboardingCollectionViewCell.swift in Sources */ = {isa = PBXBuildFile; fileRef = 6A0AB7C6279C3BB9009C80E9 /* OnboardingCollectionViewCell.swift */; };
		6A0AB7CA279CFC68009C80E9 /* Coordinator.swift in Sources */ = {isa = PBXBuildFile; fileRef = 6A0AB7C9279CFC68009C80E9 /* Coordinator.swift */; };
		6A0AB7CC279D06D6009C80E9 /* UIViewController+Extension.swift in Sources */ = {isa = PBXBuildFile; fileRef = 6A0AB7CB279D06D6009C80E9 /* UIViewController+Extension.swift */; };
		6A0AB7D1279D0795009C80E9 /* LoginViewController.swift in Sources */ = {isa = PBXBuildFile; fileRef = 6A0AB7D0279D0795009C80E9 /* LoginViewController.swift */; };
		6A0AB7D3279D079D009C80E9 /* LoginViewModel.swift in Sources */ = {isa = PBXBuildFile; fileRef = 6A0AB7D2279D079D009C80E9 /* LoginViewModel.swift */; };
		6A0AB7D5279D0919009C80E9 /* Observable.swift in Sources */ = {isa = PBXBuildFile; fileRef = 6A0AB7D4279D0919009C80E9 /* Observable.swift */; };
		6A0AB7D8279D101A009C80E9 /* Login2View.swift in Sources */ = {isa = PBXBuildFile; fileRef = 6A0AB7D7279D101A009C80E9 /* Login2View.swift */; };
		6A0AB7DC279D10E1009C80E9 /* LoginView.swift in Sources */ = {isa = PBXBuildFile; fileRef = 6A0AB7DB279D10E1009C80E9 /* LoginView.swift */; };
		6A0F58EA27B0E39700EA9047 /* HomeView.swift in Sources */ = {isa = PBXBuildFile; fileRef = 6A0F58E927B0E39700EA9047 /* HomeView.swift */; };
		6A0F58EF27B0EC2F00EA9047 /* Images+Generated.swift in Sources */ = {isa = PBXBuildFile; fileRef = 6A0F58EE27B0EC2F00EA9047 /* Images+Generated.swift */; };
		6A0F58F127B2A3A800EA9047 /* HomeViewModel.swift in Sources */ = {isa = PBXBuildFile; fileRef = 6A0F58F027B2A3A800EA9047 /* HomeViewModel.swift */; };
		6A0F58F327B2A3DC00EA9047 /* HomeUseCase.swift in Sources */ = {isa = PBXBuildFile; fileRef = 6A0F58F227B2A3DC00EA9047 /* HomeUseCase.swift */; };
		6A0F58F727B2CE3100EA9047 /* Double+Extension.swift in Sources */ = {isa = PBXBuildFile; fileRef = 6A0F58F627B2CE3100EA9047 /* Double+Extension.swift */; };
		6A0F58F927B2D32B00EA9047 /* OnQueueResponseDTO.swift in Sources */ = {isa = PBXBuildFile; fileRef = 6A0F58F827B2D32B00EA9047 /* OnQueueResponseDTO.swift */; };
		6A0F58FB27B2D46C00EA9047 /* OtherUserData.swift in Sources */ = {isa = PBXBuildFile; fileRef = 6A0F58FA27B2D46C00EA9047 /* OtherUserData.swift */; };
		6A0F58FE27B4056D00EA9047 /* FirebaseRepository.swift in Sources */ = {isa = PBXBuildFile; fileRef = 6A0F58FD27B4056D00EA9047 /* FirebaseRepository.swift */; };
		6A0F590027B4058100EA9047 /* UserRepository.swift in Sources */ = {isa = PBXBuildFile; fileRef = 6A0F58FF27B4058100EA9047 /* UserRepository.swift */; };
		6A0F590227B4058C00EA9047 /* QueueRepository.swift in Sources */ = {isa = PBXBuildFile; fileRef = 6A0F590127B4058C00EA9047 /* QueueRepository.swift */; };
		6A0F590427B4071400EA9047 /* NetworkError.swift in Sources */ = {isa = PBXBuildFile; fileRef = 6A0F590327B4071400EA9047 /* NetworkError.swift */; };
		6A0F590827B55A8400EA9047 /* FindHobbyViewController.swift in Sources */ = {isa = PBXBuildFile; fileRef = 6A0F590727B55A8400EA9047 /* FindHobbyViewController.swift */; };
		6A0F590A27B55ADE00EA9047 /* FindHobbyView.swift in Sources */ = {isa = PBXBuildFile; fileRef = 6A0F590927B55ADE00EA9047 /* FindHobbyView.swift */; };
		6A0F590D27B6A59400EA9047 /* RegisterUserRequestDTO.swift in Sources */ = {isa = PBXBuildFile; fileRef = 6A0F590C27B6A59400EA9047 /* RegisterUserRequestDTO.swift */; };
		6A0F590F27B6A5A300EA9047 /* OnQueueRequestDTO.swift in Sources */ = {isa = PBXBuildFile; fileRef = 6A0F590E27B6A5A300EA9047 /* OnQueueRequestDTO.swift */; };
		6A0F591127B6ABDF00EA9047 /* FirebaseRepositoryInterface.swift in Sources */ = {isa = PBXBuildFile; fileRef = 6A0F591027B6ABDF00EA9047 /* FirebaseRepositoryInterface.swift */; };
		6A0F591327B6ABE700EA9047 /* UserRepositoryInterface.swift in Sources */ = {isa = PBXBuildFile; fileRef = 6A0F591227B6ABE700EA9047 /* UserRepositoryInterface.swift */; };
		6A0F591527B6ABF100EA9047 /* QueueRepositoryInterface.swift in Sources */ = {isa = PBXBuildFile; fileRef = 6A0F591427B6ABF100EA9047 /* QueueRepositoryInterface.swift */; };
		6A0F591727B6C25000EA9047 /* CollectionViewFlowLayout.swift in Sources */ = {isa = PBXBuildFile; fileRef = 6A0F591627B6C25000EA9047 /* CollectionViewFlowLayout.swift */; };
		6A0F591A27B6C36500EA9047 /* FindHobbyViweModel.swift in Sources */ = {isa = PBXBuildFile; fileRef = 6A0F591927B6C36500EA9047 /* FindHobbyViweModel.swift */; };
		6A0F591D27B6C3BB00EA9047 /* FindHobbyUseCase.swift in Sources */ = {isa = PBXBuildFile; fileRef = 6A0F591C27B6C3BB00EA9047 /* FindHobbyUseCase.swift */; };
		6A0F591F27B6C40C00EA9047 /* AroundHobbyCollectionViewCell.swift in Sources */ = {isa = PBXBuildFile; fileRef = 6A0F591E27B6C40C00EA9047 /* AroundHobbyCollectionViewCell.swift */; };
		6A0F592127B6C42C00EA9047 /* YouWantHobbyCollectionViewCell.swift in Sources */ = {isa = PBXBuildFile; fileRef = 6A0F592027B6C42C00EA9047 /* YouWantHobbyCollectionViewCell.swift */; };
		6A0F592327B7939A00EA9047 /* BaseCollectionView.swift in Sources */ = {isa = PBXBuildFile; fileRef = 6A0F592227B7939A00EA9047 /* BaseCollectionView.swift */; };
		6A0F592627B7DC9B00EA9047 /* RxKeyboard in Frameworks */ = {isa = PBXBuildFile; productRef = 6A0F592527B7DC9B00EA9047 /* RxKeyboard */; };
		6A0F592827B8AD0500EA9047 /* FindHobbyViewController+CollectionView.swift in Sources */ = {isa = PBXBuildFile; fileRef = 6A0F592727B8AD0500EA9047 /* FindHobbyViewController+CollectionView.swift */; };
		6A0F592F27B8AF2C00EA9047 /* FindFriendsViewController.swift in Sources */ = {isa = PBXBuildFile; fileRef = 6A0F592E27B8AF2C00EA9047 /* FindFriendsViewController.swift */; };
		6A0F593127B8AFB400EA9047 /* FindFriendsViewModel.swift in Sources */ = {isa = PBXBuildFile; fileRef = 6A0F593027B8AFB400EA9047 /* FindFriendsViewModel.swift */; };
		6A0F593627B8B02B00EA9047 /* FindFriendsUseCase.swift in Sources */ = {isa = PBXBuildFile; fileRef = 6A0F593527B8B02B00EA9047 /* FindFriendsUseCase.swift */; };
		6A1C9769279D4A7B00D6490A /* UICollectionViewCell+Extension.swift in Sources */ = {isa = PBXBuildFile; fileRef = 6A1C9768279D4A7B00D6490A /* UICollectionViewCell+Extension.swift */; };
		6A92DD83279D6B68005A66E4 /* Images.xcassets in Resources */ = {isa = PBXBuildFile; fileRef = 6A92DD82279D6B68005A66E4 /* Images.xcassets */; };
		6A92DD85279D6F90005A66E4 /* swiftgen.yml in Resources */ = {isa = PBXBuildFile; fileRef = 6A92DD84279D6F90005A66E4 /* swiftgen.yml */; };
		6AA137B327A500AA0076CF40 /* APIService.swift in Sources */ = {isa = PBXBuildFile; fileRef = 6AA137B227A500AA0076CF40 /* APIService.swift */; };
		6AA137B827A501C00076CF40 /* APIKey.swift in Sources */ = {isa = PBXBuildFile; fileRef = 6AA137B727A501C00076CF40 /* APIKey.swift */; };
		6AA137BA27A506DF0076CF40 /* GetUserResponseDTO.swift in Sources */ = {isa = PBXBuildFile; fileRef = 6AA137B927A506DF0076CF40 /* GetUserResponseDTO.swift */; };
		6AA137C827A78C780076CF40 /* TabBarCoordinator.swift in Sources */ = {isa = PBXBuildFile; fileRef = 6AA137C727A78C780076CF40 /* TabBarCoordinator.swift */; };
		6AA137CE27A7954C0076CF40 /* HomeViewController.swift in Sources */ = {isa = PBXBuildFile; fileRef = 6AA137CD27A7954C0076CF40 /* HomeViewController.swift */; };
		6AA137D027A795970076CF40 /* ShopViewController.swift in Sources */ = {isa = PBXBuildFile; fileRef = 6AA137CF27A795970076CF40 /* ShopViewController.swift */; };
		6AA137D227A795A90076CF40 /* FriendsViewController.swift in Sources */ = {isa = PBXBuildFile; fileRef = 6AA137D127A795A90076CF40 /* FriendsViewController.swift */; };
		6AA137D427A795C10076CF40 /* MyProfileViewController.swift in Sources */ = {isa = PBXBuildFile; fileRef = 6AA137D327A795C10076CF40 /* MyProfileViewController.swift */; };
		6AA137D727A7AD430076CF40 /* CoordinatorFinishDelegate.swift in Sources */ = {isa = PBXBuildFile; fileRef = 6AA137D627A7AD420076CF40 /* CoordinatorFinishDelegate.swift */; };
		6AA137DB27A7BC950076CF40 /* HomeCoordinator.swift in Sources */ = {isa = PBXBuildFile; fileRef = 6AA137DA27A7BC950076CF40 /* HomeCoordinator.swift */; };
		6AA137DD27A7BCA40076CF40 /* ShopCoordinator.swift in Sources */ = {isa = PBXBuildFile; fileRef = 6AA137DC27A7BCA40076CF40 /* ShopCoordinator.swift */; };
		6AA137DF27A7BCAD0076CF40 /* FriendsCoordinator.swift in Sources */ = {isa = PBXBuildFile; fileRef = 6AA137DE27A7BCAD0076CF40 /* FriendsCoordinator.swift */; };
		6AA137E127A7BCB70076CF40 /* MyProfileCoordinator.swift in Sources */ = {isa = PBXBuildFile; fileRef = 6AA137E027A7BCB70076CF40 /* MyProfileCoordinator.swift */; };
		6AA137E727A9433C0076CF40 /* MyProfileView.swift in Sources */ = {isa = PBXBuildFile; fileRef = 6AA137E627A9433C0076CF40 /* MyProfileView.swift */; };
		6AA137EB27A94CB90076CF40 /* ProfileView.swift in Sources */ = {isa = PBXBuildFile; fileRef = 6AA137EA27A94CB90076CF40 /* ProfileView.swift */; };
		6AA137ED27AA22650076CF40 /* MyProfileTableViewCell.swift in Sources */ = {isa = PBXBuildFile; fileRef = 6AA137EC27AA22650076CF40 /* MyProfileTableViewCell.swift */; };
		6AA137EF27AA230A0076CF40 /* UITableViewCell+Extension.swift in Sources */ = {isa = PBXBuildFile; fileRef = 6AA137EE27AA230A0076CF40 /* UITableViewCell+Extension.swift */; };
		6AA137F327AA29750076CF40 /* UIImage+Extension.swift in Sources */ = {isa = PBXBuildFile; fileRef = 6AA137F227AA29750076CF40 /* UIImage+Extension.swift */; };
		6AA137F627AE1D3F0076CF40 /* Moya in Frameworks */ = {isa = PBXBuildFile; productRef = 6AA137F527AE1D3F0076CF40 /* Moya */; };
		6AA137F927AE1D4E0076CF40 /* RxCocoa in Frameworks */ = {isa = PBXBuildFile; productRef = 6AA137F827AE1D4E0076CF40 /* RxCocoa */; };
		6AA137FB27AE1D4E0076CF40 /* RxRelay in Frameworks */ = {isa = PBXBuildFile; productRef = 6AA137FA27AE1D4E0076CF40 /* RxRelay */; };
		6AA137FD27AE1D4E0076CF40 /* RxSwift in Frameworks */ = {isa = PBXBuildFile; productRef = 6AA137FC27AE1D4E0076CF40 /* RxSwift */; };
		6AA1380327AE1D980076CF40 /* FirebaseAuth in Frameworks */ = {isa = PBXBuildFile; productRef = 6AA1380227AE1D980076CF40 /* FirebaseAuth */; };
		6AA1380527AE1D980076CF40 /* FirebaseMessaging in Frameworks */ = {isa = PBXBuildFile; productRef = 6AA1380427AE1D980076CF40 /* FirebaseMessaging */; };
		6AA1380827AE1DA80076CF40 /* Toast in Frameworks */ = {isa = PBXBuildFile; productRef = 6AA1380727AE1DA80076CF40 /* Toast */; };
		6AA1380C27AE2BC70076CF40 /* ProfileViewController.swift in Sources */ = {isa = PBXBuildFile; fileRef = 6AA1380B27AE2BC70076CF40 /* ProfileViewController.swift */; };
		6AA1381027AE682A0076CF40 /* MyProfileViewModel.swift in Sources */ = {isa = PBXBuildFile; fileRef = 6AA1380F27AE682A0076CF40 /* MyProfileViewModel.swift */; };
		6AA1381227AE715F0076CF40 /* ProfileViewModel.swift in Sources */ = {isa = PBXBuildFile; fileRef = 6AA1381127AE715F0076CF40 /* ProfileViewModel.swift */; };
		6AA1381627AE71F70076CF40 /* ProfileUseCase.swift in Sources */ = {isa = PBXBuildFile; fileRef = 6AA1381527AE71F70076CF40 /* ProfileUseCase.swift */; };
		6AA1381A27AE727D0076CF40 /* GenderUseCase.swift in Sources */ = {isa = PBXBuildFile; fileRef = 6AA1381927AE727D0076CF40 /* GenderUseCase.swift */; };
		6AA1382227AEB5EA0076CF40 /* UserData.swift in Sources */ = {isa = PBXBuildFile; fileRef = 6AA1382127AEB5EA0076CF40 /* UserData.swift */; };
		6AA1382527AFA3B90076CF40 /* UserDefaultRepository.swift in Sources */ = {isa = PBXBuildFile; fileRef = 6AA1382427AFA3B90076CF40 /* UserDefaultRepository.swift */; };
		6AA1382827AFA5D50076CF40 /* UserDefaultKey.swift in Sources */ = {isa = PBXBuildFile; fileRef = 6AA1382727AFA5D50076CF40 /* UserDefaultKey.swift */; };
		6AA1382D27AFF5C00076CF40 /* CustomAlertView.swift in Sources */ = {isa = PBXBuildFile; fileRef = 6AA1382C27AFF5C00076CF40 /* CustomAlertView.swift */; };
		6AA1382F27AFF7EC0076CF40 /* AlertViewController.swift in Sources */ = {isa = PBXBuildFile; fileRef = 6AA1382E27AFF7EC0076CF40 /* AlertViewController.swift */; };
		6AA1383127AFFAEF0076CF40 /* AlertViewModel.swift in Sources */ = {isa = PBXBuildFile; fileRef = 6AA1383027AFFAEF0076CF40 /* AlertViewModel.swift */; };
		6AA1383327AFFB360076CF40 /* AlertUseCase.swift in Sources */ = {isa = PBXBuildFile; fileRef = 6AA1383227AFFB360076CF40 /* AlertUseCase.swift */; };
		6AA1383827B008D00076CF40 /* SnapKit in Frameworks */ = {isa = PBXBuildFile; productRef = 6AA1383727B008D00076CF40 /* SnapKit */; };
		6AAC7094279D9372003FCD27 /* ViewRepresentable.swift in Sources */ = {isa = PBXBuildFile; fileRef = 6AAC7093279D9372003FCD27 /* ViewRepresentable.swift */; };
		6AAC709A279DADA8003FCD27 /* String+Extension.swift in Sources */ = {isa = PBXBuildFile; fileRef = 6AAC7099279DADA8003FCD27 /* String+Extension.swift */; };
		6AAC709C279DB9D4003FCD27 /* Login2ViewController.swift in Sources */ = {isa = PBXBuildFile; fileRef = 6AAC709B279DB9D4003FCD27 /* Login2ViewController.swift */; };
		6AAC709E279DBB36003FCD27 /* BaseViewController.swift in Sources */ = {isa = PBXBuildFile; fileRef = 6AAC709D279DBB36003FCD27 /* BaseViewController.swift */; };
		6AAC70A0279E97D2003FCD27 /* AppCoordinator.swift in Sources */ = {isa = PBXBuildFile; fileRef = 6AAC709F279E97D2003FCD27 /* AppCoordinator.swift */; };
		6AAC70A6279E9B09003FCD27 /* AuthCoordinator.swift in Sources */ = {isa = PBXBuildFile; fileRef = 6AAC70A5279E9B09003FCD27 /* AuthCoordinator.swift */; };
		6AAC70AB279EBC4E003FCD27 /* LoginToastMessage.swift in Sources */ = {isa = PBXBuildFile; fileRef = 6AAC70AA279EBC4D003FCD27 /* LoginToastMessage.swift */; };
		6AAC70AE279FC37B003FCD27 /* LoginUseCase.swift in Sources */ = {isa = PBXBuildFile; fileRef = 6AAC70AD279FC37B003FCD27 /* LoginUseCase.swift */; };
		6AAC70B4279FCE59003FCD27 /* OnboardingViewModel.swift in Sources */ = {isa = PBXBuildFile; fileRef = 6AAC70B3279FCE59003FCD27 /* OnboardingViewModel.swift */; };
		6AAC70B6279FF24F003FCD27 /* Login2UseCase.swift in Sources */ = {isa = PBXBuildFile; fileRef = 6AAC70B5279FF24E003FCD27 /* Login2UseCase.swift */; };
		6AAC70B8279FF25B003FCD27 /* Login2ViewModel.swift in Sources */ = {isa = PBXBuildFile; fileRef = 6AAC70B7279FF25B003FCD27 /* Login2ViewModel.swift */; };
		6AAC70BE27A0070D003FCD27 /* NicknameView.swift in Sources */ = {isa = PBXBuildFile; fileRef = 6AAC70BD27A0070D003FCD27 /* NicknameView.swift */; };
		6AAC70C027A01E97003FCD27 /* NicknameViewController.swift in Sources */ = {isa = PBXBuildFile; fileRef = 6AAC70BF27A01E97003FCD27 /* NicknameViewController.swift */; };
		6AAC70C227A01F26003FCD27 /* NicknameViewModel.swift in Sources */ = {isa = PBXBuildFile; fileRef = 6AAC70C127A01F26003FCD27 /* NicknameViewModel.swift */; };
		6AAC70C427A01F31003FCD27 /* BirthViewModel.swift in Sources */ = {isa = PBXBuildFile; fileRef = 6AAC70C327A01F31003FCD27 /* BirthViewModel.swift */; };
		6AAC70C627A01F38003FCD27 /* EmailViewModel.swift in Sources */ = {isa = PBXBuildFile; fileRef = 6AAC70C527A01F38003FCD27 /* EmailViewModel.swift */; };
		6AAC70C827A01F43003FCD27 /* GenderViewModel.swift in Sources */ = {isa = PBXBuildFile; fileRef = 6AAC70C727A01F43003FCD27 /* GenderViewModel.swift */; };
		6AAC70CA27A020A8003FCD27 /* BirthView.swift in Sources */ = {isa = PBXBuildFile; fileRef = 6AAC70C927A020A8003FCD27 /* BirthView.swift */; };
		6AAC70CC27A020B2003FCD27 /* BirthViewController.swift in Sources */ = {isa = PBXBuildFile; fileRef = 6AAC70CB27A020B2003FCD27 /* BirthViewController.swift */; };
		6AAC70CE27A020BA003FCD27 /* EmailView.swift in Sources */ = {isa = PBXBuildFile; fileRef = 6AAC70CD27A020BA003FCD27 /* EmailView.swift */; };
		6AAC70D027A020C2003FCD27 /* EmailViewController.swift in Sources */ = {isa = PBXBuildFile; fileRef = 6AAC70CF27A020C2003FCD27 /* EmailViewController.swift */; };
		6AAC70D227A020CA003FCD27 /* GenderView.swift in Sources */ = {isa = PBXBuildFile; fileRef = 6AAC70D127A020CA003FCD27 /* GenderView.swift */; };
		6AAC70D427A020D5003FCD27 /* GenderViewController.swift in Sources */ = {isa = PBXBuildFile; fileRef = 6AAC70D327A020D5003FCD27 /* GenderViewController.swift */; };
		6AE4580B279679FD006B142C /* AppDelegate.swift in Sources */ = {isa = PBXBuildFile; fileRef = 6AE4580A279679FD006B142C /* AppDelegate.swift */; };
		6AE4580D279679FD006B142C /* SceneDelegate.swift in Sources */ = {isa = PBXBuildFile; fileRef = 6AE4580C279679FD006B142C /* SceneDelegate.swift */; };
		6AE4580F279679FD006B142C /* OnboardingViewController.swift in Sources */ = {isa = PBXBuildFile; fileRef = 6AE4580E279679FD006B142C /* OnboardingViewController.swift */; };
		6AE45814279679FF006B142C /* Assets.xcassets in Resources */ = {isa = PBXBuildFile; fileRef = 6AE45813279679FF006B142C /* Assets.xcassets */; };
		6AE45817279679FF006B142C /* LaunchScreen.storyboard in Resources */ = {isa = PBXBuildFile; fileRef = 6AE45815279679FF006B142C /* LaunchScreen.storyboard */; };
		6AEA436627B8F58900BFD56F /* CustomMenuBar.swift in Sources */ = {isa = PBXBuildFile; fileRef = 6AEA436527B8F58900BFD56F /* CustomMenuBar.swift */; };
		6AEA436827B8F59700BFD56F /* CustomMenuBarCell.swift in Sources */ = {isa = PBXBuildFile; fileRef = 6AEA436727B8F59700BFD56F /* CustomMenuBarCell.swift */; };
		6AEA436D27B90E6000BFD56F /* PageCollectionViewCell.swift in Sources */ = {isa = PBXBuildFile; fileRef = 6AEA436C27B90E6000BFD56F /* PageCollectionViewCell.swift */; };
		6AEA436F27B934B700BFD56F /* CustomCardView.swift in Sources */ = {isa = PBXBuildFile; fileRef = 6AEA436E27B934B700BFD56F /* CustomCardView.swift */; };
		6AEA437127B938B800BFD56F /* CardTableViewCell.swift in Sources */ = {isa = PBXBuildFile; fileRef = 6AEA437027B938B800BFD56F /* CardTableViewCell.swift */; };
		6AEA437327B96D4900BFD56F /* ViewModel.swift in Sources */ = {isa = PBXBuildFile; fileRef = 6AEA437227B96D4900BFD56F /* ViewModel.swift */; };
		E630DCBF2FEE6DDAED9D4118 /* Pods_SeSACFriendsApp.framework in Frameworks */ = {isa = PBXBuildFile; fileRef = 763EF621F280237A9391E457 /* Pods_SeSACFriendsApp.framework */; };
/* End PBXBuildFile section */

/* Begin PBXFileReference section */
		2CCF4F39A7AEB8F55B225490 /* Pods-SeSACFriendsApp.debug.xcconfig */ = {isa = PBXFileReference; includeInIndex = 1; lastKnownFileType = text.xcconfig; name = "Pods-SeSACFriendsApp.debug.xcconfig"; path = "Target Support Files/Pods-SeSACFriendsApp/Pods-SeSACFriendsApp.debug.xcconfig"; sourceTree = "<group>"; };
		6A0AB75E2796ECE6009C80E9 /* GoogleService-Info.plist */ = {isa = PBXFileReference; fileEncoding = 4; lastKnownFileType = text.plist.xml; name = "GoogleService-Info.plist"; path = "../../../../새싹친구 프로젝트/SeSAC_SPL/GoogleService-Info.plist"; sourceTree = "<group>"; };
		6A0AB78827971B6A009C80E9 /* .swiftlint.yml */ = {isa = PBXFileReference; lastKnownFileType = text.yaml; path = .swiftlint.yml; sourceTree = "<group>"; };
		6A0AB79227986002009C80E9 /* UIColor+Extension.swift */ = {isa = PBXFileReference; lastKnownFileType = sourcecode.swift; path = "UIColor+Extension.swift"; sourceTree = "<group>"; };
		6A0AB7942798610E009C80E9 /* UIFont+Extension.swift */ = {isa = PBXFileReference; lastKnownFileType = sourcecode.swift; path = "UIFont+Extension.swift"; sourceTree = "<group>"; };
		6A0AB7A7279863EA009C80E9 /* NotoSansKR-Regular.otf */ = {isa = PBXFileReference; lastKnownFileType = file; path = "NotoSansKR-Regular.otf"; sourceTree = "<group>"; };
		6A0AB7AA279863EA009C80E9 /* NotoSansKR-Medium.otf */ = {isa = PBXFileReference; lastKnownFileType = file; path = "NotoSansKR-Medium.otf"; sourceTree = "<group>"; };
		6A0AB7B0279866F4009C80E9 /* UILabel+Extension.swift */ = {isa = PBXFileReference; lastKnownFileType = sourcecode.swift; path = "UILabel+Extension.swift"; sourceTree = "<group>"; };
		6A0AB7B227987319009C80E9 /* UIButton+Extension.swift */ = {isa = PBXFileReference; lastKnownFileType = sourcecode.swift; path = "UIButton+Extension.swift"; sourceTree = "<group>"; };
		6A0AB7B427987A65009C80E9 /* UITextField+Extension.swift */ = {isa = PBXFileReference; lastKnownFileType = sourcecode.swift; path = "UITextField+Extension.swift"; sourceTree = "<group>"; };
		6A0AB7B92798E8C0009C80E9 /* CustomTextField.swift */ = {isa = PBXFileReference; lastKnownFileType = sourcecode.swift; path = CustomTextField.swift; sourceTree = "<group>"; };
		6A0AB7BC27993F32009C80E9 /* CustomButton.swift */ = {isa = PBXFileReference; lastKnownFileType = sourcecode.swift; path = CustomButton.swift; sourceTree = "<group>"; };
		6A0AB7BE2799410A009C80E9 /* UIView+Extension.swift */ = {isa = PBXFileReference; lastKnownFileType = sourcecode.swift; path = "UIView+Extension.swift"; sourceTree = "<group>"; };
		6A0AB7C027994872009C80E9 /* OnboardingView.swift */ = {isa = PBXFileReference; lastKnownFileType = sourcecode.swift; path = OnboardingView.swift; sourceTree = "<group>"; };
		6A0AB7C6279C3BB9009C80E9 /* OnboardingCollectionViewCell.swift */ = {isa = PBXFileReference; lastKnownFileType = sourcecode.swift; path = OnboardingCollectionViewCell.swift; sourceTree = "<group>"; };
		6A0AB7C9279CFC68009C80E9 /* Coordinator.swift */ = {isa = PBXFileReference; lastKnownFileType = sourcecode.swift; path = Coordinator.swift; sourceTree = "<group>"; };
		6A0AB7CB279D06D6009C80E9 /* UIViewController+Extension.swift */ = {isa = PBXFileReference; lastKnownFileType = sourcecode.swift; path = "UIViewController+Extension.swift"; sourceTree = "<group>"; };
		6A0AB7D0279D0795009C80E9 /* LoginViewController.swift */ = {isa = PBXFileReference; lastKnownFileType = sourcecode.swift; path = LoginViewController.swift; sourceTree = "<group>"; };
		6A0AB7D2279D079D009C80E9 /* LoginViewModel.swift */ = {isa = PBXFileReference; lastKnownFileType = sourcecode.swift; path = LoginViewModel.swift; sourceTree = "<group>"; };
		6A0AB7D4279D0919009C80E9 /* Observable.swift */ = {isa = PBXFileReference; lastKnownFileType = sourcecode.swift; path = Observable.swift; sourceTree = "<group>"; };
		6A0AB7D7279D101A009C80E9 /* Login2View.swift */ = {isa = PBXFileReference; lastKnownFileType = sourcecode.swift; path = Login2View.swift; sourceTree = "<group>"; };
		6A0AB7DB279D10E1009C80E9 /* LoginView.swift */ = {isa = PBXFileReference; lastKnownFileType = sourcecode.swift; path = LoginView.swift; sourceTree = "<group>"; };
		6A0F58E927B0E39700EA9047 /* HomeView.swift */ = {isa = PBXFileReference; lastKnownFileType = sourcecode.swift; path = HomeView.swift; sourceTree = "<group>"; };
		6A0F58EE27B0EC2F00EA9047 /* Images+Generated.swift */ = {isa = PBXFileReference; fileEncoding = 4; lastKnownFileType = sourcecode.swift; path = "Images+Generated.swift"; sourceTree = SOURCE_ROOT; };
		6A0F58F027B2A3A800EA9047 /* HomeViewModel.swift */ = {isa = PBXFileReference; lastKnownFileType = sourcecode.swift; path = HomeViewModel.swift; sourceTree = "<group>"; };
		6A0F58F227B2A3DC00EA9047 /* HomeUseCase.swift */ = {isa = PBXFileReference; lastKnownFileType = sourcecode.swift; path = HomeUseCase.swift; sourceTree = "<group>"; };
		6A0F58F627B2CE3100EA9047 /* Double+Extension.swift */ = {isa = PBXFileReference; lastKnownFileType = sourcecode.swift; path = "Double+Extension.swift"; sourceTree = "<group>"; };
		6A0F58F827B2D32B00EA9047 /* OnQueueResponseDTO.swift */ = {isa = PBXFileReference; lastKnownFileType = sourcecode.swift; path = OnQueueResponseDTO.swift; sourceTree = "<group>"; };
		6A0F58FA27B2D46C00EA9047 /* OtherUserData.swift */ = {isa = PBXFileReference; lastKnownFileType = sourcecode.swift; path = OtherUserData.swift; sourceTree = "<group>"; };
		6A0F58FD27B4056D00EA9047 /* FirebaseRepository.swift */ = {isa = PBXFileReference; lastKnownFileType = sourcecode.swift; path = FirebaseRepository.swift; sourceTree = "<group>"; };
		6A0F58FF27B4058100EA9047 /* UserRepository.swift */ = {isa = PBXFileReference; lastKnownFileType = sourcecode.swift; path = UserRepository.swift; sourceTree = "<group>"; };
		6A0F590127B4058C00EA9047 /* QueueRepository.swift */ = {isa = PBXFileReference; lastKnownFileType = sourcecode.swift; path = QueueRepository.swift; sourceTree = "<group>"; };
		6A0F590327B4071400EA9047 /* NetworkError.swift */ = {isa = PBXFileReference; lastKnownFileType = sourcecode.swift; path = NetworkError.swift; sourceTree = "<group>"; };
		6A0F590727B55A8400EA9047 /* FindHobbyViewController.swift */ = {isa = PBXFileReference; lastKnownFileType = sourcecode.swift; path = FindHobbyViewController.swift; sourceTree = "<group>"; };
		6A0F590927B55ADE00EA9047 /* FindHobbyView.swift */ = {isa = PBXFileReference; lastKnownFileType = sourcecode.swift; path = FindHobbyView.swift; sourceTree = "<group>"; };
		6A0F590C27B6A59400EA9047 /* RegisterUserRequestDTO.swift */ = {isa = PBXFileReference; lastKnownFileType = sourcecode.swift; path = RegisterUserRequestDTO.swift; sourceTree = "<group>"; };
		6A0F590E27B6A5A300EA9047 /* OnQueueRequestDTO.swift */ = {isa = PBXFileReference; lastKnownFileType = sourcecode.swift; path = OnQueueRequestDTO.swift; sourceTree = "<group>"; };
		6A0F591027B6ABDF00EA9047 /* FirebaseRepositoryInterface.swift */ = {isa = PBXFileReference; lastKnownFileType = sourcecode.swift; path = FirebaseRepositoryInterface.swift; sourceTree = "<group>"; };
		6A0F591227B6ABE700EA9047 /* UserRepositoryInterface.swift */ = {isa = PBXFileReference; lastKnownFileType = sourcecode.swift; path = UserRepositoryInterface.swift; sourceTree = "<group>"; };
		6A0F591427B6ABF100EA9047 /* QueueRepositoryInterface.swift */ = {isa = PBXFileReference; lastKnownFileType = sourcecode.swift; path = QueueRepositoryInterface.swift; sourceTree = "<group>"; };
		6A0F591627B6C25000EA9047 /* CollectionViewFlowLayout.swift */ = {isa = PBXFileReference; lastKnownFileType = sourcecode.swift; path = CollectionViewFlowLayout.swift; sourceTree = "<group>"; };
		6A0F591927B6C36500EA9047 /* FindHobbyViweModel.swift */ = {isa = PBXFileReference; lastKnownFileType = sourcecode.swift; path = FindHobbyViweModel.swift; sourceTree = "<group>"; };
		6A0F591C27B6C3BB00EA9047 /* FindHobbyUseCase.swift */ = {isa = PBXFileReference; lastKnownFileType = sourcecode.swift; path = FindHobbyUseCase.swift; sourceTree = "<group>"; };
		6A0F591E27B6C40C00EA9047 /* AroundHobbyCollectionViewCell.swift */ = {isa = PBXFileReference; lastKnownFileType = sourcecode.swift; path = AroundHobbyCollectionViewCell.swift; sourceTree = "<group>"; };
		6A0F592027B6C42C00EA9047 /* YouWantHobbyCollectionViewCell.swift */ = {isa = PBXFileReference; lastKnownFileType = sourcecode.swift; path = YouWantHobbyCollectionViewCell.swift; sourceTree = "<group>"; };
		6A0F592227B7939A00EA9047 /* BaseCollectionView.swift */ = {isa = PBXFileReference; lastKnownFileType = sourcecode.swift; path = BaseCollectionView.swift; sourceTree = "<group>"; };
		6A0F592727B8AD0500EA9047 /* FindHobbyViewController+CollectionView.swift */ = {isa = PBXFileReference; lastKnownFileType = sourcecode.swift; path = "FindHobbyViewController+CollectionView.swift"; sourceTree = "<group>"; };
		6A0F592E27B8AF2C00EA9047 /* FindFriendsViewController.swift */ = {isa = PBXFileReference; lastKnownFileType = sourcecode.swift; path = FindFriendsViewController.swift; sourceTree = "<group>"; };
		6A0F593027B8AFB400EA9047 /* FindFriendsViewModel.swift */ = {isa = PBXFileReference; lastKnownFileType = sourcecode.swift; path = FindFriendsViewModel.swift; sourceTree = "<group>"; };
		6A0F593527B8B02B00EA9047 /* FindFriendsUseCase.swift */ = {isa = PBXFileReference; lastKnownFileType = sourcecode.swift; path = FindFriendsUseCase.swift; sourceTree = "<group>"; };
		6A1C9768279D4A7B00D6490A /* UICollectionViewCell+Extension.swift */ = {isa = PBXFileReference; lastKnownFileType = sourcecode.swift; path = "UICollectionViewCell+Extension.swift"; sourceTree = "<group>"; };
		6A92DD82279D6B68005A66E4 /* Images.xcassets */ = {isa = PBXFileReference; lastKnownFileType = folder.assetcatalog; path = Images.xcassets; sourceTree = "<group>"; };
		6A92DD84279D6F90005A66E4 /* swiftgen.yml */ = {isa = PBXFileReference; fileEncoding = 4; lastKnownFileType = text.yaml; path = swiftgen.yml; sourceTree = "<group>"; };
		6AA137B227A500AA0076CF40 /* APIService.swift */ = {isa = PBXFileReference; lastKnownFileType = sourcecode.swift; path = APIService.swift; sourceTree = "<group>"; };
		6AA137B727A501C00076CF40 /* APIKey.swift */ = {isa = PBXFileReference; lastKnownFileType = sourcecode.swift; path = APIKey.swift; sourceTree = "<group>"; };
		6AA137B927A506DF0076CF40 /* GetUserResponseDTO.swift */ = {isa = PBXFileReference; lastKnownFileType = sourcecode.swift; path = GetUserResponseDTO.swift; sourceTree = "<group>"; };
		6AA137C727A78C780076CF40 /* TabBarCoordinator.swift */ = {isa = PBXFileReference; lastKnownFileType = sourcecode.swift; path = TabBarCoordinator.swift; sourceTree = "<group>"; };
		6AA137CD27A7954C0076CF40 /* HomeViewController.swift */ = {isa = PBXFileReference; lastKnownFileType = sourcecode.swift; path = HomeViewController.swift; sourceTree = "<group>"; };
		6AA137CF27A795970076CF40 /* ShopViewController.swift */ = {isa = PBXFileReference; lastKnownFileType = sourcecode.swift; path = ShopViewController.swift; sourceTree = "<group>"; };
		6AA137D127A795A90076CF40 /* FriendsViewController.swift */ = {isa = PBXFileReference; lastKnownFileType = sourcecode.swift; path = FriendsViewController.swift; sourceTree = "<group>"; };
		6AA137D327A795C10076CF40 /* MyProfileViewController.swift */ = {isa = PBXFileReference; lastKnownFileType = sourcecode.swift; path = MyProfileViewController.swift; sourceTree = "<group>"; };
		6AA137D627A7AD420076CF40 /* CoordinatorFinishDelegate.swift */ = {isa = PBXFileReference; lastKnownFileType = sourcecode.swift; path = CoordinatorFinishDelegate.swift; sourceTree = "<group>"; };
		6AA137DA27A7BC950076CF40 /* HomeCoordinator.swift */ = {isa = PBXFileReference; lastKnownFileType = sourcecode.swift; path = HomeCoordinator.swift; sourceTree = "<group>"; };
		6AA137DC27A7BCA40076CF40 /* ShopCoordinator.swift */ = {isa = PBXFileReference; lastKnownFileType = sourcecode.swift; path = ShopCoordinator.swift; sourceTree = "<group>"; };
		6AA137DE27A7BCAD0076CF40 /* FriendsCoordinator.swift */ = {isa = PBXFileReference; lastKnownFileType = sourcecode.swift; path = FriendsCoordinator.swift; sourceTree = "<group>"; };
		6AA137E027A7BCB70076CF40 /* MyProfileCoordinator.swift */ = {isa = PBXFileReference; lastKnownFileType = sourcecode.swift; path = MyProfileCoordinator.swift; sourceTree = "<group>"; };
		6AA137E627A9433C0076CF40 /* MyProfileView.swift */ = {isa = PBXFileReference; lastKnownFileType = sourcecode.swift; path = MyProfileView.swift; sourceTree = "<group>"; };
		6AA137EA27A94CB90076CF40 /* ProfileView.swift */ = {isa = PBXFileReference; lastKnownFileType = sourcecode.swift; path = ProfileView.swift; sourceTree = "<group>"; };
		6AA137EC27AA22650076CF40 /* MyProfileTableViewCell.swift */ = {isa = PBXFileReference; lastKnownFileType = sourcecode.swift; path = MyProfileTableViewCell.swift; sourceTree = "<group>"; };
		6AA137EE27AA230A0076CF40 /* UITableViewCell+Extension.swift */ = {isa = PBXFileReference; lastKnownFileType = sourcecode.swift; path = "UITableViewCell+Extension.swift"; sourceTree = "<group>"; };
		6AA137F227AA29750076CF40 /* UIImage+Extension.swift */ = {isa = PBXFileReference; lastKnownFileType = sourcecode.swift; path = "UIImage+Extension.swift"; sourceTree = "<group>"; };
		6AA1380B27AE2BC70076CF40 /* ProfileViewController.swift */ = {isa = PBXFileReference; lastKnownFileType = sourcecode.swift; path = ProfileViewController.swift; sourceTree = "<group>"; };
		6AA1380F27AE682A0076CF40 /* MyProfileViewModel.swift */ = {isa = PBXFileReference; lastKnownFileType = sourcecode.swift; path = MyProfileViewModel.swift; sourceTree = "<group>"; };
		6AA1381127AE715F0076CF40 /* ProfileViewModel.swift */ = {isa = PBXFileReference; lastKnownFileType = sourcecode.swift; path = ProfileViewModel.swift; sourceTree = "<group>"; };
		6AA1381527AE71F70076CF40 /* ProfileUseCase.swift */ = {isa = PBXFileReference; lastKnownFileType = sourcecode.swift; path = ProfileUseCase.swift; sourceTree = "<group>"; };
		6AA1381927AE727D0076CF40 /* GenderUseCase.swift */ = {isa = PBXFileReference; lastKnownFileType = sourcecode.swift; path = GenderUseCase.swift; sourceTree = "<group>"; };
		6AA1382127AEB5EA0076CF40 /* UserData.swift */ = {isa = PBXFileReference; lastKnownFileType = sourcecode.swift; path = UserData.swift; sourceTree = "<group>"; };
		6AA1382427AFA3B90076CF40 /* UserDefaultRepository.swift */ = {isa = PBXFileReference; lastKnownFileType = sourcecode.swift; path = UserDefaultRepository.swift; sourceTree = "<group>"; };
		6AA1382727AFA5D50076CF40 /* UserDefaultKey.swift */ = {isa = PBXFileReference; lastKnownFileType = sourcecode.swift; path = UserDefaultKey.swift; sourceTree = "<group>"; };
		6AA1382C27AFF5C00076CF40 /* CustomAlertView.swift */ = {isa = PBXFileReference; lastKnownFileType = sourcecode.swift; path = CustomAlertView.swift; sourceTree = "<group>"; };
		6AA1382E27AFF7EC0076CF40 /* AlertViewController.swift */ = {isa = PBXFileReference; lastKnownFileType = sourcecode.swift; path = AlertViewController.swift; sourceTree = "<group>"; };
		6AA1383027AFFAEF0076CF40 /* AlertViewModel.swift */ = {isa = PBXFileReference; lastKnownFileType = sourcecode.swift; path = AlertViewModel.swift; sourceTree = "<group>"; };
		6AA1383227AFFB360076CF40 /* AlertUseCase.swift */ = {isa = PBXFileReference; lastKnownFileType = sourcecode.swift; path = AlertUseCase.swift; sourceTree = "<group>"; };
		6AAC7093279D9372003FCD27 /* ViewRepresentable.swift */ = {isa = PBXFileReference; lastKnownFileType = sourcecode.swift; path = ViewRepresentable.swift; sourceTree = "<group>"; };
		6AAC7098279DA9E9003FCD27 /* SeSACFriendsApp.entitlements */ = {isa = PBXFileReference; lastKnownFileType = text.plist.entitlements; path = SeSACFriendsApp.entitlements; sourceTree = "<group>"; };
		6AAC7099279DADA8003FCD27 /* String+Extension.swift */ = {isa = PBXFileReference; lastKnownFileType = sourcecode.swift; path = "String+Extension.swift"; sourceTree = "<group>"; };
		6AAC709B279DB9D4003FCD27 /* Login2ViewController.swift */ = {isa = PBXFileReference; lastKnownFileType = sourcecode.swift; path = Login2ViewController.swift; sourceTree = "<group>"; };
		6AAC709D279DBB36003FCD27 /* BaseViewController.swift */ = {isa = PBXFileReference; lastKnownFileType = sourcecode.swift; path = BaseViewController.swift; sourceTree = "<group>"; };
		6AAC709F279E97D2003FCD27 /* AppCoordinator.swift */ = {isa = PBXFileReference; lastKnownFileType = sourcecode.swift; path = AppCoordinator.swift; sourceTree = "<group>"; };
		6AAC70A5279E9B09003FCD27 /* AuthCoordinator.swift */ = {isa = PBXFileReference; lastKnownFileType = sourcecode.swift; path = AuthCoordinator.swift; sourceTree = "<group>"; };
		6AAC70AA279EBC4D003FCD27 /* LoginToastMessage.swift */ = {isa = PBXFileReference; lastKnownFileType = sourcecode.swift; path = LoginToastMessage.swift; sourceTree = "<group>"; };
		6AAC70AD279FC37B003FCD27 /* LoginUseCase.swift */ = {isa = PBXFileReference; lastKnownFileType = sourcecode.swift; path = LoginUseCase.swift; sourceTree = "<group>"; };
		6AAC70B3279FCE59003FCD27 /* OnboardingViewModel.swift */ = {isa = PBXFileReference; lastKnownFileType = sourcecode.swift; path = OnboardingViewModel.swift; sourceTree = "<group>"; };
		6AAC70B5279FF24E003FCD27 /* Login2UseCase.swift */ = {isa = PBXFileReference; lastKnownFileType = sourcecode.swift; path = Login2UseCase.swift; sourceTree = "<group>"; };
		6AAC70B7279FF25B003FCD27 /* Login2ViewModel.swift */ = {isa = PBXFileReference; lastKnownFileType = sourcecode.swift; path = Login2ViewModel.swift; sourceTree = "<group>"; };
		6AAC70BD27A0070D003FCD27 /* NicknameView.swift */ = {isa = PBXFileReference; lastKnownFileType = sourcecode.swift; path = NicknameView.swift; sourceTree = "<group>"; };
		6AAC70BF27A01E97003FCD27 /* NicknameViewController.swift */ = {isa = PBXFileReference; lastKnownFileType = sourcecode.swift; path = NicknameViewController.swift; sourceTree = "<group>"; };
		6AAC70C127A01F26003FCD27 /* NicknameViewModel.swift */ = {isa = PBXFileReference; lastKnownFileType = sourcecode.swift; path = NicknameViewModel.swift; sourceTree = "<group>"; };
		6AAC70C327A01F31003FCD27 /* BirthViewModel.swift */ = {isa = PBXFileReference; lastKnownFileType = sourcecode.swift; path = BirthViewModel.swift; sourceTree = "<group>"; };
		6AAC70C527A01F38003FCD27 /* EmailViewModel.swift */ = {isa = PBXFileReference; lastKnownFileType = sourcecode.swift; path = EmailViewModel.swift; sourceTree = "<group>"; };
		6AAC70C727A01F43003FCD27 /* GenderViewModel.swift */ = {isa = PBXFileReference; lastKnownFileType = sourcecode.swift; path = GenderViewModel.swift; sourceTree = "<group>"; };
		6AAC70C927A020A8003FCD27 /* BirthView.swift */ = {isa = PBXFileReference; lastKnownFileType = sourcecode.swift; path = BirthView.swift; sourceTree = "<group>"; };
		6AAC70CB27A020B2003FCD27 /* BirthViewController.swift */ = {isa = PBXFileReference; lastKnownFileType = sourcecode.swift; path = BirthViewController.swift; sourceTree = "<group>"; };
		6AAC70CD27A020BA003FCD27 /* EmailView.swift */ = {isa = PBXFileReference; lastKnownFileType = sourcecode.swift; path = EmailView.swift; sourceTree = "<group>"; };
		6AAC70CF27A020C2003FCD27 /* EmailViewController.swift */ = {isa = PBXFileReference; lastKnownFileType = sourcecode.swift; path = EmailViewController.swift; sourceTree = "<group>"; };
		6AAC70D127A020CA003FCD27 /* GenderView.swift */ = {isa = PBXFileReference; lastKnownFileType = sourcecode.swift; path = GenderView.swift; sourceTree = "<group>"; };
		6AAC70D327A020D5003FCD27 /* GenderViewController.swift */ = {isa = PBXFileReference; lastKnownFileType = sourcecode.swift; path = GenderViewController.swift; sourceTree = "<group>"; };
		6AE45807279679FD006B142C /* SeSACFriendsApp.app */ = {isa = PBXFileReference; explicitFileType = wrapper.application; includeInIndex = 0; path = SeSACFriendsApp.app; sourceTree = BUILT_PRODUCTS_DIR; };
		6AE4580A279679FD006B142C /* AppDelegate.swift */ = {isa = PBXFileReference; lastKnownFileType = sourcecode.swift; path = AppDelegate.swift; sourceTree = "<group>"; };
		6AE4580C279679FD006B142C /* SceneDelegate.swift */ = {isa = PBXFileReference; lastKnownFileType = sourcecode.swift; path = SceneDelegate.swift; sourceTree = "<group>"; };
		6AE4580E279679FD006B142C /* OnboardingViewController.swift */ = {isa = PBXFileReference; lastKnownFileType = sourcecode.swift; path = OnboardingViewController.swift; sourceTree = "<group>"; };
		6AE45813279679FF006B142C /* Assets.xcassets */ = {isa = PBXFileReference; lastKnownFileType = folder.assetcatalog; path = Assets.xcassets; sourceTree = "<group>"; };
		6AE45816279679FF006B142C /* Base */ = {isa = PBXFileReference; lastKnownFileType = file.storyboard; name = Base; path = Base.lproj/LaunchScreen.storyboard; sourceTree = "<group>"; };
		6AE45818279679FF006B142C /* Info.plist */ = {isa = PBXFileReference; lastKnownFileType = text.plist.xml; path = Info.plist; sourceTree = "<group>"; };
		6AEA436527B8F58900BFD56F /* CustomMenuBar.swift */ = {isa = PBXFileReference; lastKnownFileType = sourcecode.swift; path = CustomMenuBar.swift; sourceTree = "<group>"; };
		6AEA436727B8F59700BFD56F /* CustomMenuBarCell.swift */ = {isa = PBXFileReference; lastKnownFileType = sourcecode.swift; path = CustomMenuBarCell.swift; sourceTree = "<group>"; };
		6AEA436C27B90E6000BFD56F /* PageCollectionViewCell.swift */ = {isa = PBXFileReference; lastKnownFileType = sourcecode.swift; path = PageCollectionViewCell.swift; sourceTree = "<group>"; };
		6AEA436E27B934B700BFD56F /* CustomCardView.swift */ = {isa = PBXFileReference; lastKnownFileType = sourcecode.swift; path = CustomCardView.swift; sourceTree = "<group>"; };
		6AEA437027B938B800BFD56F /* CardTableViewCell.swift */ = {isa = PBXFileReference; lastKnownFileType = sourcecode.swift; path = CardTableViewCell.swift; sourceTree = "<group>"; };
		6AEA437227B96D4900BFD56F /* ViewModel.swift */ = {isa = PBXFileReference; lastKnownFileType = sourcecode.swift; path = ViewModel.swift; sourceTree = "<group>"; };
		763EF621F280237A9391E457 /* Pods_SeSACFriendsApp.framework */ = {isa = PBXFileReference; explicitFileType = wrapper.framework; includeInIndex = 0; path = Pods_SeSACFriendsApp.framework; sourceTree = BUILT_PRODUCTS_DIR; };
		CC69A5A2F0778F0A33669F28 /* Pods-SeSACFriendsApp.release.xcconfig */ = {isa = PBXFileReference; includeInIndex = 1; lastKnownFileType = text.xcconfig; name = "Pods-SeSACFriendsApp.release.xcconfig"; path = "Target Support Files/Pods-SeSACFriendsApp/Pods-SeSACFriendsApp.release.xcconfig"; sourceTree = "<group>"; };
/* End PBXFileReference section */

/* Begin PBXFrameworksBuildPhase section */
		6AE45804279679FD006B142C /* Frameworks */ = {
			isa = PBXFrameworksBuildPhase;
			buildActionMask = 2147483647;
			files = (
				6AA1380527AE1D980076CF40 /* FirebaseMessaging in Frameworks */,
				6AA137F927AE1D4E0076CF40 /* RxCocoa in Frameworks */,
				6AA137F627AE1D3F0076CF40 /* Moya in Frameworks */,
				6AA1380827AE1DA80076CF40 /* Toast in Frameworks */,
				6AA137FD27AE1D4E0076CF40 /* RxSwift in Frameworks */,
				6AA137FB27AE1D4E0076CF40 /* RxRelay in Frameworks */,
				6AA1383827B008D00076CF40 /* SnapKit in Frameworks */,
				6AA1380327AE1D980076CF40 /* FirebaseAuth in Frameworks */,
				E630DCBF2FEE6DDAED9D4118 /* Pods_SeSACFriendsApp.framework in Frameworks */,
				6A0F592627B7DC9B00EA9047 /* RxKeyboard in Frameworks */,
			);
			runOnlyForDeploymentPostprocessing = 0;
		};
/* End PBXFrameworksBuildPhase section */

/* Begin PBXGroup section */
		2C6DFE5ED543CFC0CB5AA319 /* Pods */ = {
			isa = PBXGroup;
			children = (
				2CCF4F39A7AEB8F55B225490 /* Pods-SeSACFriendsApp.debug.xcconfig */,
				CC69A5A2F0778F0A33669F28 /* Pods-SeSACFriendsApp.release.xcconfig */,
			);
			path = Pods;
			sourceTree = "<group>";
		};
		6A0AB78A27985F01009C80E9 /* Resources */ = {
			isa = PBXGroup;
			children = (
				6AE4580A279679FD006B142C /* AppDelegate.swift */,
				6AE4580C279679FD006B142C /* SceneDelegate.swift */,
				6A0F58EE27B0EC2F00EA9047 /* Images+Generated.swift */,
				6A92DD82279D6B68005A66E4 /* Images.xcassets */,
				6AE45813279679FF006B142C /* Assets.xcassets */,
				6AE45815279679FF006B142C /* LaunchScreen.storyboard */,
			);
			path = Resources;
			sourceTree = "<group>";
		};
		6A0AB78B27985F3F009C80E9 /* View */ = {
			isa = PBXGroup;
			children = (
				6AA1382B27AFF5960076CF40 /* Alert */,
				6A0AB79027985FBC009C80E9 /* Onboarding */,
				6A0AB79627986120009C80E9 /* Auth */,
				6AA137C927A78DF30076CF40 /* Home */,
			);
			path = View;
			sourceTree = "<group>";
		};
		6A0AB78C27985F4C009C80E9 /* ViewModel */ = {
			isa = PBXGroup;
			children = (
				6AEA437227B96D4900BFD56F /* ViewModel.swift */,
				6AEA437427BE83EA00BFD56F /* Alert */,
				6AAC70D527A03ED5003FCD27 /* Onboarding */,
				6AAC70D627A03EDC003FCD27 /* Auth */,
				6AA1380D27AE68150076CF40 /* Home */,
			);
			path = ViewModel;
			sourceTree = "<group>";
		};
		6A0AB78D27985F53009C80E9 /* Entities */ = {
			isa = PBXGroup;
			children = (
				6AA1382127AEB5EA0076CF40 /* UserData.swift */,
				6A0F58FA27B2D46C00EA9047 /* OtherUserData.swift */,
			);
			path = Entities;
			sourceTree = "<group>";
		};
		6A0AB79027985FBC009C80E9 /* Onboarding */ = {
			isa = PBXGroup;
			children = (
				6AE4580E279679FD006B142C /* OnboardingViewController.swift */,
				6A0AB7C027994872009C80E9 /* OnboardingView.swift */,
				6A0AB7C6279C3BB9009C80E9 /* OnboardingCollectionViewCell.swift */,
			);
			path = Onboarding;
			sourceTree = "<group>";
		};
		6A0AB79127985FED009C80E9 /* Extension */ = {
			isa = PBXGroup;
			children = (
				6A0AB79227986002009C80E9 /* UIColor+Extension.swift */,
				6A0AB7942798610E009C80E9 /* UIFont+Extension.swift */,
				6A0AB7B0279866F4009C80E9 /* UILabel+Extension.swift */,
				6A0AB7B227987319009C80E9 /* UIButton+Extension.swift */,
				6A0AB7B427987A65009C80E9 /* UITextField+Extension.swift */,
				6A0AB7BE2799410A009C80E9 /* UIView+Extension.swift */,
				6A0AB7CB279D06D6009C80E9 /* UIViewController+Extension.swift */,
				6A1C9768279D4A7B00D6490A /* UICollectionViewCell+Extension.swift */,
				6AA137EE27AA230A0076CF40 /* UITableViewCell+Extension.swift */,
				6AAC7099279DADA8003FCD27 /* String+Extension.swift */,
				6AA137F227AA29750076CF40 /* UIImage+Extension.swift */,
				6A0F58F627B2CE3100EA9047 /* Double+Extension.swift */,
			);
			path = Extension;
			sourceTree = "<group>";
		};
		6A0AB79627986120009C80E9 /* Auth */ = {
			isa = PBXGroup;
			children = (
				6A0AB7CD279D0784009C80E9 /* Login1 */,
				6A0AB7D6279D100A009C80E9 /* Login2 */,
				6AAC70B927A006B3003FCD27 /* Nickname */,
				6AAC70BA27A006DC003FCD27 /* Birth */,
				6AAC70BB27A006E2003FCD27 /* Email */,
				6AAC70BC27A006EA003FCD27 /* Gender */,
			);
			path = Auth;
			sourceTree = "<group>";
		};
		6A0AB797279863BB009C80E9 /* Util */ = {
			isa = PBXGroup;
			children = (
				6AA1382627AFA5BB0076CF40 /* Constant */,
				6AAC70D827A04630003FCD27 /* Helper */,
				6AAC7092279D9364003FCD27 /* Protocol */,
				6A0AB7BB27990AEC009C80E9 /* BaseAndCustom */,
				6A0AB79127985FED009C80E9 /* Extension */,
				6A0AB7A4279863E0009C80E9 /* Font */,
			);
			path = Util;
			sourceTree = "<group>";
		};
		6A0AB7A4279863E0009C80E9 /* Font */ = {
			isa = PBXGroup;
			children = (
				6A0AB7AA279863EA009C80E9 /* NotoSansKR-Medium.otf */,
				6A0AB7A7279863EA009C80E9 /* NotoSansKR-Regular.otf */,
			);
			path = Font;
			sourceTree = "<group>";
		};
		6A0AB7BB27990AEC009C80E9 /* BaseAndCustom */ = {
			isa = PBXGroup;
			children = (
				6AEA436427B8F56D00BFD56F /* CustomMenuBar */,
				6AA1382C27AFF5C00076CF40 /* CustomAlertView.swift */,
				6A0AB7B92798E8C0009C80E9 /* CustomTextField.swift */,
				6A0AB7BC27993F32009C80E9 /* CustomButton.swift */,
				6AAC709D279DBB36003FCD27 /* BaseViewController.swift */,
				6A0F591627B6C25000EA9047 /* CollectionViewFlowLayout.swift */,
				6A0F592227B7939A00EA9047 /* BaseCollectionView.swift */,
				6AEA436E27B934B700BFD56F /* CustomCardView.swift */,
			);
			path = BaseAndCustom;
			sourceTree = "<group>";
		};
		6A0AB7C8279CFC49009C80E9 /* Coordinator */ = {
			isa = PBXGroup;
			children = (
				6AA137D527A7AD2B0076CF40 /* Protocol */,
				6AAC709F279E97D2003FCD27 /* AppCoordinator.swift */,
				6AAC70A5279E9B09003FCD27 /* AuthCoordinator.swift */,
				6AA137C727A78C780076CF40 /* TabBarCoordinator.swift */,
				6AA137D827A7B9C20076CF40 /* Home */,
			);
			path = Coordinator;
			sourceTree = "<group>";
		};
		6A0AB7CD279D0784009C80E9 /* Login1 */ = {
			isa = PBXGroup;
			children = (
				6A0AB7DB279D10E1009C80E9 /* LoginView.swift */,
				6A0AB7D0279D0795009C80E9 /* LoginViewController.swift */,
				6AAC70AA279EBC4D003FCD27 /* LoginToastMessage.swift */,
			);
			path = Login1;
			sourceTree = "<group>";
		};
		6A0AB7D6279D100A009C80E9 /* Login2 */ = {
			isa = PBXGroup;
			children = (
				6A0AB7D7279D101A009C80E9 /* Login2View.swift */,
				6AAC709B279DB9D4003FCD27 /* Login2ViewController.swift */,
			);
			path = Login2;
			sourceTree = "<group>";
		};
		6A0F58EB27B0E71C00EA9047 /* Home */ = {
			isa = PBXGroup;
			children = (
				6A0F592927B8AE9000EA9047 /* Main */,
				6A0F591827B6C35A00EA9047 /* FindHobby */,
				6A0F592B27B8AEDC00EA9047 /* FindFriends */,
			);
			path = Home;
			sourceTree = "<group>";
		};
		6A0F58EC27B0E72500EA9047 /* Main */ = {
			isa = PBXGroup;
			children = (
				6A0F58F227B2A3DC00EA9047 /* HomeUseCase.swift */,
			);
			path = Main;
			sourceTree = "<group>";
		};
		6A0F58FC27B2E6D600EA9047 /* DataMapping */ = {
			isa = PBXGroup;
			children = (
				6AA137B927A506DF0076CF40 /* GetUserResponseDTO.swift */,
				6A0F590C27B6A59400EA9047 /* RegisterUserRequestDTO.swift */,
				6A0F58F827B2D32B00EA9047 /* OnQueueResponseDTO.swift */,
				6A0F590E27B6A5A300EA9047 /* OnQueueRequestDTO.swift */,
			);
			path = DataMapping;
			sourceTree = "<group>";
		};
		6A0F590527B55A5600EA9047 /* Main */ = {
			isa = PBXGroup;
			children = (
				6AA137CD27A7954C0076CF40 /* HomeViewController.swift */,
				6A0F58E927B0E39700EA9047 /* HomeView.swift */,
			);
			path = Main;
			sourceTree = "<group>";
		};
		6A0F590627B55A6F00EA9047 /* FindHobby */ = {
			isa = PBXGroup;
			children = (
				6A0F590727B55A8400EA9047 /* FindHobbyViewController.swift */,
				6A0F590927B55ADE00EA9047 /* FindHobbyView.swift */,
				6A0F591E27B6C40C00EA9047 /* AroundHobbyCollectionViewCell.swift */,
				6A0F592027B6C42C00EA9047 /* YouWantHobbyCollectionViewCell.swift */,
				6A0F592727B8AD0500EA9047 /* FindHobbyViewController+CollectionView.swift */,
			);
			path = FindHobby;
			sourceTree = "<group>";
		};
		6A0F590B27B616ED00EA9047 /* Interfaces */ = {
			isa = PBXGroup;
			children = (
				6A0F591027B6ABDF00EA9047 /* FirebaseRepositoryInterface.swift */,
				6A0F591227B6ABE700EA9047 /* UserRepositoryInterface.swift */,
				6A0F591427B6ABF100EA9047 /* QueueRepositoryInterface.swift */,
			);
			path = Interfaces;
			sourceTree = "<group>";
		};
		6A0F591827B6C35A00EA9047 /* FindHobby */ = {
			isa = PBXGroup;
			children = (
				6A0F591927B6C36500EA9047 /* FindHobbyViweModel.swift */,
			);
			path = FindHobby;
			sourceTree = "<group>";
		};
		6A0F591B27B6C3A700EA9047 /* FindHobby */ = {
			isa = PBXGroup;
			children = (
				6A0F591C27B6C3BB00EA9047 /* FindHobbyUseCase.swift */,
			);
			path = FindHobby;
			sourceTree = "<group>";
		};
		6A0F592927B8AE9000EA9047 /* Main */ = {
			isa = PBXGroup;
			children = (
				6A0F58F027B2A3A800EA9047 /* HomeViewModel.swift */,
			);
			path = Main;
			sourceTree = "<group>";
		};
		6A0F592A27B8AEB100EA9047 /* FindFriends */ = {
			isa = PBXGroup;
			children = (
				6A0F592E27B8AF2C00EA9047 /* FindFriendsViewController.swift */,
				6AEA436C27B90E6000BFD56F /* PageCollectionViewCell.swift */,
				6AEA437027B938B800BFD56F /* CardTableViewCell.swift */,
			);
			path = FindFriends;
			sourceTree = "<group>";
		};
		6A0F592B27B8AEDC00EA9047 /* FindFriends */ = {
			isa = PBXGroup;
			children = (
				6A0F593027B8AFB400EA9047 /* FindFriendsViewModel.swift */,
			);
			path = FindFriends;
			sourceTree = "<group>";
		};
		6A0F593327B8B00500EA9047 /* Home */ = {
			isa = PBXGroup;
			children = (
				6A0F58EC27B0E72500EA9047 /* Main */,
				6A0F591B27B6C3A700EA9047 /* FindHobby */,
				6A0F593427B8B01F00EA9047 /* FindFriends */,
			);
			path = Home;
			sourceTree = "<group>";
		};
		6A0F593427B8B01F00EA9047 /* FindFriends */ = {
			isa = PBXGroup;
			children = (
				6A0F593527B8B02B00EA9047 /* FindFriendsUseCase.swift */,
			);
			path = FindFriends;
			sourceTree = "<group>";
		};
		6A1C976A279D4C6B00D6490A /* Presentation */ = {
			isa = PBXGroup;
			children = (
				6A0AB78B27985F3F009C80E9 /* View */,
				6A0AB78C27985F4C009C80E9 /* ViewModel */,
			);
			path = Presentation;
			sourceTree = "<group>";
		};
		6A1C976B279D57ED00D6490A /* Domain */ = {
			isa = PBXGroup;
			children = (
				6A0F590B27B616ED00EA9047 /* Interfaces */,
				6AAC70AC279FC334003FCD27 /* UseCase */,
				6A0AB78D27985F53009C80E9 /* Entities */,
			);
			path = Domain;
			sourceTree = "<group>";
		};
		6A92DD88279D843D005A66E4 /* Network */ = {
			isa = PBXGroup;
			children = (
				6AA137B227A500AA0076CF40 /* APIService.swift */,
				6AA137B727A501C00076CF40 /* APIKey.swift */,
				6A0F590327B4071400EA9047 /* NetworkError.swift */,
			);
			path = Network;
			sourceTree = "<group>";
		};
		6AA137BB27A5340D0076CF40 /* Data */ = {
			isa = PBXGroup;
			children = (
				6A0F58FC27B2E6D600EA9047 /* DataMapping */,
				6A92DD88279D843D005A66E4 /* Network */,
				6AA137BC27A534310076CF40 /* Repository */,
			);
			path = Data;
			sourceTree = "<group>";
		};
		6AA137BC27A534310076CF40 /* Repository */ = {
			isa = PBXGroup;
			children = (
				6AA1382327AFA3AB0076CF40 /* Common */,
				6A0F58FD27B4056D00EA9047 /* FirebaseRepository.swift */,
				6A0F58FF27B4058100EA9047 /* UserRepository.swift */,
				6A0F590127B4058C00EA9047 /* QueueRepository.swift */,
			);
			path = Repository;
			sourceTree = "<group>";
		};
		6AA137C927A78DF30076CF40 /* Home */ = {
			isa = PBXGroup;
			children = (
				6AA137E227A942D80076CF40 /* Home */,
				6AA137E327A942ED0076CF40 /* Shop */,
				6AA137E427A942F70076CF40 /* Friends */,
				6AA137E527A942FD0076CF40 /* MyProfile */,
			);
			path = Home;
			sourceTree = "<group>";
		};
		6AA137D527A7AD2B0076CF40 /* Protocol */ = {
			isa = PBXGroup;
			children = (
				6A0AB7C9279CFC68009C80E9 /* Coordinator.swift */,
				6AA137D627A7AD420076CF40 /* CoordinatorFinishDelegate.swift */,
			);
			path = Protocol;
			sourceTree = "<group>";
		};
		6AA137D827A7B9C20076CF40 /* Home */ = {
			isa = PBXGroup;
			children = (
				6AA137DA27A7BC950076CF40 /* HomeCoordinator.swift */,
				6AA137DC27A7BCA40076CF40 /* ShopCoordinator.swift */,
				6AA137DE27A7BCAD0076CF40 /* FriendsCoordinator.swift */,
				6AA137E027A7BCB70076CF40 /* MyProfileCoordinator.swift */,
			);
			path = Home;
			sourceTree = "<group>";
		};
		6AA137E227A942D80076CF40 /* Home */ = {
			isa = PBXGroup;
			children = (
				6A0F590527B55A5600EA9047 /* Main */,
				6A0F590627B55A6F00EA9047 /* FindHobby */,
				6A0F592A27B8AEB100EA9047 /* FindFriends */,
			);
			path = Home;
			sourceTree = "<group>";
		};
		6AA137E327A942ED0076CF40 /* Shop */ = {
			isa = PBXGroup;
			children = (
				6AA137CF27A795970076CF40 /* ShopViewController.swift */,
			);
			path = Shop;
			sourceTree = "<group>";
		};
		6AA137E427A942F70076CF40 /* Friends */ = {
			isa = PBXGroup;
			children = (
				6AA137D127A795A90076CF40 /* FriendsViewController.swift */,
			);
			path = Friends;
			sourceTree = "<group>";
		};
		6AA137E527A942FD0076CF40 /* MyProfile */ = {
			isa = PBXGroup;
			children = (
				6AA137E827A94C4B0076CF40 /* Category */,
				6AA137E927A94C560076CF40 /* Profile */,
			);
			path = MyProfile;
			sourceTree = "<group>";
		};
		6AA137E827A94C4B0076CF40 /* Category */ = {
			isa = PBXGroup;
			children = (
				6AA137D327A795C10076CF40 /* MyProfileViewController.swift */,
				6AA137E627A9433C0076CF40 /* MyProfileView.swift */,
				6AA137EC27AA22650076CF40 /* MyProfileTableViewCell.swift */,
			);
			path = Category;
			sourceTree = "<group>";
		};
		6AA137E927A94C560076CF40 /* Profile */ = {
			isa = PBXGroup;
			children = (
				6AA137EA27A94CB90076CF40 /* ProfileView.swift */,
				6AA1380B27AE2BC70076CF40 /* ProfileViewController.swift */,
			);
			path = Profile;
			sourceTree = "<group>";
		};
		6AA1380D27AE68150076CF40 /* Home */ = {
			isa = PBXGroup;
			children = (
				6A0F58EB27B0E71C00EA9047 /* Home */,
				6AA1380E27AE681A0076CF40 /* MyProfile */,
			);
			path = Home;
			sourceTree = "<group>";
		};
		6AA1380E27AE681A0076CF40 /* MyProfile */ = {
			isa = PBXGroup;
			children = (
				6AA1380F27AE682A0076CF40 /* MyProfileViewModel.swift */,
				6AA1381127AE715F0076CF40 /* ProfileViewModel.swift */,
			);
			path = MyProfile;
			sourceTree = "<group>";
		};
		6AA1381327AE71C00076CF40 /* Home */ = {
			isa = PBXGroup;
			children = (
				6A0F593327B8B00500EA9047 /* Home */,
				6AA1381427AE71E90076CF40 /* MyProfile */,
			);
			path = Home;
			sourceTree = "<group>";
		};
		6AA1381427AE71E90076CF40 /* MyProfile */ = {
			isa = PBXGroup;
			children = (
				6AA1381527AE71F70076CF40 /* ProfileUseCase.swift */,
			);
			path = MyProfile;
			sourceTree = "<group>";
		};
		6AA1382327AFA3AB0076CF40 /* Common */ = {
			isa = PBXGroup;
			children = (
				6AA1382427AFA3B90076CF40 /* UserDefaultRepository.swift */,
			);
			path = Common;
			sourceTree = "<group>";
		};
		6AA1382627AFA5BB0076CF40 /* Constant */ = {
			isa = PBXGroup;
			children = (
				6AA1382727AFA5D50076CF40 /* UserDefaultKey.swift */,
			);
			path = Constant;
			sourceTree = "<group>";
		};
		6AA1382B27AFF5960076CF40 /* Alert */ = {
			isa = PBXGroup;
			children = (
				6AA1382E27AFF7EC0076CF40 /* AlertViewController.swift */,
			);
			path = Alert;
			sourceTree = "<group>";
		};
		6AAC7092279D9364003FCD27 /* Protocol */ = {
			isa = PBXGroup;
			children = (
				6AAC7093279D9372003FCD27 /* ViewRepresentable.swift */,
			);
			path = Protocol;
			sourceTree = "<group>";
		};
		6AAC70AC279FC334003FCD27 /* UseCase */ = {
			isa = PBXGroup;
			children = (
				6AEA437527BE83FF00BFD56F /* Alert */,
				6AAC70D727A03F97003FCD27 /* Auth */,
				6AA1381327AE71C00076CF40 /* Home */,
			);
			path = UseCase;
			sourceTree = "<group>";
		};
		6AAC70B927A006B3003FCD27 /* Nickname */ = {
			isa = PBXGroup;
			children = (
				6AAC70BD27A0070D003FCD27 /* NicknameView.swift */,
				6AAC70BF27A01E97003FCD27 /* NicknameViewController.swift */,
			);
			path = Nickname;
			sourceTree = "<group>";
		};
		6AAC70BA27A006DC003FCD27 /* Birth */ = {
			isa = PBXGroup;
			children = (
				6AAC70C927A020A8003FCD27 /* BirthView.swift */,
				6AAC70CB27A020B2003FCD27 /* BirthViewController.swift */,
			);
			path = Birth;
			sourceTree = "<group>";
		};
		6AAC70BB27A006E2003FCD27 /* Email */ = {
			isa = PBXGroup;
			children = (
				6AAC70CD27A020BA003FCD27 /* EmailView.swift */,
				6AAC70CF27A020C2003FCD27 /* EmailViewController.swift */,
			);
			path = Email;
			sourceTree = "<group>";
		};
		6AAC70BC27A006EA003FCD27 /* Gender */ = {
			isa = PBXGroup;
			children = (
				6AAC70D127A020CA003FCD27 /* GenderView.swift */,
				6AAC70D327A020D5003FCD27 /* GenderViewController.swift */,
			);
			path = Gender;
			sourceTree = "<group>";
		};
		6AAC70D527A03ED5003FCD27 /* Onboarding */ = {
			isa = PBXGroup;
			children = (
				6AAC70B3279FCE59003FCD27 /* OnboardingViewModel.swift */,
			);
			path = Onboarding;
			sourceTree = "<group>";
		};
		6AAC70D627A03EDC003FCD27 /* Auth */ = {
			isa = PBXGroup;
			children = (
				6A0AB7D2279D079D009C80E9 /* LoginViewModel.swift */,
				6AAC70B7279FF25B003FCD27 /* Login2ViewModel.swift */,
				6AAC70C127A01F26003FCD27 /* NicknameViewModel.swift */,
				6AAC70C327A01F31003FCD27 /* BirthViewModel.swift */,
				6AAC70C527A01F38003FCD27 /* EmailViewModel.swift */,
				6AAC70C727A01F43003FCD27 /* GenderViewModel.swift */,
			);
			path = Auth;
			sourceTree = "<group>";
		};
		6AAC70D727A03F97003FCD27 /* Auth */ = {
			isa = PBXGroup;
			children = (
				6AAC70AD279FC37B003FCD27 /* LoginUseCase.swift */,
				6AAC70B5279FF24E003FCD27 /* Login2UseCase.swift */,
				6AA1381927AE727D0076CF40 /* GenderUseCase.swift */,
			);
			path = Auth;
			sourceTree = "<group>";
		};
		6AAC70D827A04630003FCD27 /* Helper */ = {
			isa = PBXGroup;
			children = (
				6A0AB7D4279D0919009C80E9 /* Observable.swift */,
			);
			path = Helper;
			sourceTree = "<group>";
		};
		6AE457FE279679FD006B142C = {
			isa = PBXGroup;
			children = (
				6A0AB78827971B6A009C80E9 /* .swiftlint.yml */,
				6A92DD84279D6F90005A66E4 /* swiftgen.yml */,
				6AE45809279679FD006B142C /* SeSACFriendsApp */,
				6AE45808279679FD006B142C /* Products */,
				2C6DFE5ED543CFC0CB5AA319 /* Pods */,
				8636B137E6018411320F116F /* Frameworks */,
			);
			sourceTree = "<group>";
		};
		6AE45808279679FD006B142C /* Products */ = {
			isa = PBXGroup;
			children = (
				6AE45807279679FD006B142C /* SeSACFriendsApp.app */,
			);
			name = Products;
			sourceTree = "<group>";
		};
		6AE45809279679FD006B142C /* SeSACFriendsApp */ = {
			isa = PBXGroup;
			children = (
				6AAC7098279DA9E9003FCD27 /* SeSACFriendsApp.entitlements */,
				6A0AB797279863BB009C80E9 /* Util */,
				6A1C976A279D4C6B00D6490A /* Presentation */,
				6A1C976B279D57ED00D6490A /* Domain */,
				6AA137BB27A5340D0076CF40 /* Data */,
				6A0AB7C8279CFC49009C80E9 /* Coordinator */,
				6A0AB78A27985F01009C80E9 /* Resources */,
				6A0AB75E2796ECE6009C80E9 /* GoogleService-Info.plist */,
				6AE45818279679FF006B142C /* Info.plist */,
			);
			path = SeSACFriendsApp;
			sourceTree = "<group>";
		};
		6AEA436427B8F56D00BFD56F /* CustomMenuBar */ = {
			isa = PBXGroup;
			children = (
				6AEA436527B8F58900BFD56F /* CustomMenuBar.swift */,
				6AEA436727B8F59700BFD56F /* CustomMenuBarCell.swift */,
			);
			path = CustomMenuBar;
			sourceTree = "<group>";
		};
		6AEA437427BE83EA00BFD56F /* Alert */ = {
			isa = PBXGroup;
			children = (
				6AA1383027AFFAEF0076CF40 /* AlertViewModel.swift */,
			);
			path = Alert;
			sourceTree = "<group>";
		};
		6AEA437527BE83FF00BFD56F /* Alert */ = {
			isa = PBXGroup;
			children = (
				6AA1383227AFFB360076CF40 /* AlertUseCase.swift */,
			);
			path = Alert;
			sourceTree = "<group>";
		};
		8636B137E6018411320F116F /* Frameworks */ = {
			isa = PBXGroup;
			children = (
				763EF621F280237A9391E457 /* Pods_SeSACFriendsApp.framework */,
			);
			name = Frameworks;
			sourceTree = "<group>";
		};
/* End PBXGroup section */

/* Begin PBXNativeTarget section */
		6AE45806279679FD006B142C /* SeSACFriendsApp */ = {
			isa = PBXNativeTarget;
			buildConfigurationList = 6AE4581B279679FF006B142C /* Build configuration list for PBXNativeTarget "SeSACFriendsApp" */;
			buildPhases = (
				51B2B5F980E85E3F1AEAF0AA /* [CP] Check Pods Manifest.lock */,
				6A0AB78727971122009C80E9 /* SwiftLint */,
				6AE45803279679FD006B142C /* Sources */,
				6AE45804279679FD006B142C /* Frameworks */,
				6AE45805279679FD006B142C /* Resources */,
				22973F2BD02C556EFEF6D797 /* [CP] Embed Pods Frameworks */,
			);
			buildRules = (
			);
			dependencies = (
			);
			name = SeSACFriendsApp;
			packageProductDependencies = (
				6AA137F527AE1D3F0076CF40 /* Moya */,
				6AA137F827AE1D4E0076CF40 /* RxCocoa */,
				6AA137FA27AE1D4E0076CF40 /* RxRelay */,
				6AA137FC27AE1D4E0076CF40 /* RxSwift */,
				6AA1380227AE1D980076CF40 /* FirebaseAuth */,
				6AA1380427AE1D980076CF40 /* FirebaseMessaging */,
				6AA1380727AE1DA80076CF40 /* Toast */,
				6AA1383727B008D00076CF40 /* SnapKit */,
				6A0F592527B7DC9B00EA9047 /* RxKeyboard */,
			);
			productName = SeSACFriendsApp;
			productReference = 6AE45807279679FD006B142C /* SeSACFriendsApp.app */;
			productType = "com.apple.product-type.application";
		};
/* End PBXNativeTarget section */

/* Begin PBXProject section */
		6AE457FF279679FD006B142C /* Project object */ = {
			isa = PBXProject;
			attributes = {
				BuildIndependentTargetsInParallel = 1;
				LastSwiftUpdateCheck = 1300;
				LastUpgradeCheck = 1300;
				TargetAttributes = {
					6AE45806279679FD006B142C = {
						CreatedOnToolsVersion = 13.0;
					};
				};
			};
			buildConfigurationList = 6AE45802279679FD006B142C /* Build configuration list for PBXProject "SeSACFriendsApp" */;
			compatibilityVersion = "Xcode 13.0";
			developmentRegion = en;
			hasScannedForEncodings = 0;
			knownRegions = (
				en,
				Base,
			);
			mainGroup = 6AE457FE279679FD006B142C;
			packageReferences = (
				6AA137F427AE1D3F0076CF40 /* XCRemoteSwiftPackageReference "Moya" */,
				6AA137F727AE1D4E0076CF40 /* XCRemoteSwiftPackageReference "RxSwift" */,
				6AA1380127AE1D980076CF40 /* XCRemoteSwiftPackageReference "firebase-ios-sdk" */,
				6AA1380627AE1DA80076CF40 /* XCRemoteSwiftPackageReference "Toast-Swift" */,
				6AA1383627B008CF0076CF40 /* XCRemoteSwiftPackageReference "SnapKit" */,
				6A0F592427B7DC9A00EA9047 /* XCRemoteSwiftPackageReference "RxKeyboard" */,
			);
			productRefGroup = 6AE45808279679FD006B142C /* Products */;
			projectDirPath = "";
			projectRoot = "";
			targets = (
				6AE45806279679FD006B142C /* SeSACFriendsApp */,
			);
		};
/* End PBXProject section */

/* Begin PBXResourcesBuildPhase section */
		6AE45805279679FD006B142C /* Resources */ = {
			isa = PBXResourcesBuildPhase;
			buildActionMask = 2147483647;
			files = (
				6A0AB78927971B6A009C80E9 /* .swiftlint.yml in Resources */,
				6AE45817279679FF006B142C /* LaunchScreen.storyboard in Resources */,
				6A92DD83279D6B68005A66E4 /* Images.xcassets in Resources */,
				6A92DD85279D6F90005A66E4 /* swiftgen.yml in Resources */,
				6A0AB7AE27986590009C80E9 /* NotoSansKR-Medium.otf in Resources */,
				6A0AB75F2796ECE6009C80E9 /* GoogleService-Info.plist in Resources */,
				6A0AB7AF27986592009C80E9 /* NotoSansKR-Regular.otf in Resources */,
				6AE45814279679FF006B142C /* Assets.xcassets in Resources */,
			);
			runOnlyForDeploymentPostprocessing = 0;
		};
/* End PBXResourcesBuildPhase section */

/* Begin PBXShellScriptBuildPhase section */
		22973F2BD02C556EFEF6D797 /* [CP] Embed Pods Frameworks */ = {
			isa = PBXShellScriptBuildPhase;
			buildActionMask = 2147483647;
			files = (
			);
			inputFileListPaths = (
				"${PODS_ROOT}/Target Support Files/Pods-SeSACFriendsApp/Pods-SeSACFriendsApp-frameworks-${CONFIGURATION}-input-files.xcfilelist",
			);
			name = "[CP] Embed Pods Frameworks";
			outputFileListPaths = (
				"${PODS_ROOT}/Target Support Files/Pods-SeSACFriendsApp/Pods-SeSACFriendsApp-frameworks-${CONFIGURATION}-output-files.xcfilelist",
			);
			runOnlyForDeploymentPostprocessing = 0;
			shellPath = /bin/sh;
			shellScript = "\"${PODS_ROOT}/Target Support Files/Pods-SeSACFriendsApp/Pods-SeSACFriendsApp-frameworks.sh\"\n";
			showEnvVarsInLog = 0;
		};
		51B2B5F980E85E3F1AEAF0AA /* [CP] Check Pods Manifest.lock */ = {
			isa = PBXShellScriptBuildPhase;
			buildActionMask = 2147483647;
			files = (
			);
			inputFileListPaths = (
			);
			inputPaths = (
				"${PODS_PODFILE_DIR_PATH}/Podfile.lock",
				"${PODS_ROOT}/Manifest.lock",
			);
			name = "[CP] Check Pods Manifest.lock";
			outputFileListPaths = (
			);
			outputPaths = (
				"$(DERIVED_FILE_DIR)/Pods-SeSACFriendsApp-checkManifestLockResult.txt",
			);
			runOnlyForDeploymentPostprocessing = 0;
			shellPath = /bin/sh;
			shellScript = "diff \"${PODS_PODFILE_DIR_PATH}/Podfile.lock\" \"${PODS_ROOT}/Manifest.lock\" > /dev/null\nif [ $? != 0 ] ; then\n    # print error to STDERR\n    echo \"error: The sandbox is not in sync with the Podfile.lock. Run 'pod install' or update your CocoaPods installation.\" >&2\n    exit 1\nfi\n# This output is used by Xcode 'outputs' to avoid re-running this script phase.\necho \"SUCCESS\" > \"${SCRIPT_OUTPUT_FILE_0}\"\n";
			showEnvVarsInLog = 0;
		};
		6A0AB78727971122009C80E9 /* SwiftLint */ = {
			isa = PBXShellScriptBuildPhase;
			buildActionMask = 2147483647;
			files = (
			);
			inputFileListPaths = (
			);
			inputPaths = (
			);
			name = SwiftLint;
			outputFileListPaths = (
			);
			outputPaths = (
			);
			runOnlyForDeploymentPostprocessing = 0;
			shellPath = /bin/sh;
			shellScript = "export PATH=\"$PATH:/opt/homebrew/bin\"\n\nif which swiftlint; then\n    swiftlint autocorrect && swiftlint\nelse\n  echo \"warning: SwiftLint not installed, download from https://github.com/realm/SwiftLint\"\nfi\n";
		};
/* End PBXShellScriptBuildPhase section */

/* Begin PBXSourcesBuildPhase section */
		6AE45803279679FD006B142C /* Sources */ = {
			isa = PBXSourcesBuildPhase;
			buildActionMask = 2147483647;
			files = (
				6A0F591327B6ABE700EA9047 /* UserRepositoryInterface.swift in Sources */,
				6A0AB7D5279D0919009C80E9 /* Observable.swift in Sources */,
				6A0AB7C7279C3BB9009C80E9 /* OnboardingCollectionViewCell.swift in Sources */,
				6A0F592127B6C42C00EA9047 /* YouWantHobbyCollectionViewCell.swift in Sources */,
				6AAC70B6279FF24F003FCD27 /* Login2UseCase.swift in Sources */,
				6A1C9769279D4A7B00D6490A /* UICollectionViewCell+Extension.swift in Sources */,
				6A0AB7BF2799410A009C80E9 /* UIView+Extension.swift in Sources */,
				6AEA437127B938B800BFD56F /* CardTableViewCell.swift in Sources */,
				6AA1380C27AE2BC70076CF40 /* ProfileViewController.swift in Sources */,
				6A0F591127B6ABDF00EA9047 /* FirebaseRepositoryInterface.swift in Sources */,
				6AA1381027AE682A0076CF40 /* MyProfileViewModel.swift in Sources */,
				6AA137D227A795A90076CF40 /* FriendsViewController.swift in Sources */,
				6AE4580F279679FD006B142C /* OnboardingViewController.swift in Sources */,
				6A0AB7CC279D06D6009C80E9 /* UIViewController+Extension.swift in Sources */,
				6AAC70B8279FF25B003FCD27 /* Login2ViewModel.swift in Sources */,
				6AAC70A0279E97D2003FCD27 /* AppCoordinator.swift in Sources */,
				6AAC70AB279EBC4E003FCD27 /* LoginToastMessage.swift in Sources */,
				6AAC70BE27A0070D003FCD27 /* NicknameView.swift in Sources */,
				6A0AB7D8279D101A009C80E9 /* Login2View.swift in Sources */,
				6AE4580B279679FD006B142C /* AppDelegate.swift in Sources */,
				6AA137EF27AA230A0076CF40 /* UITableViewCell+Extension.swift in Sources */,
				6AA1381A27AE727D0076CF40 /* GenderUseCase.swift in Sources */,
				6A0AB7B1279866F4009C80E9 /* UILabel+Extension.swift in Sources */,
				6AA137ED27AA22650076CF40 /* MyProfileTableViewCell.swift in Sources */,
				6AAC7094279D9372003FCD27 /* ViewRepresentable.swift in Sources */,
				6AE4580D279679FD006B142C /* SceneDelegate.swift in Sources */,
				6A0F592827B8AD0500EA9047 /* FindHobbyViewController+CollectionView.swift in Sources */,
				6A0F591F27B6C40C00EA9047 /* AroundHobbyCollectionViewCell.swift in Sources */,
				6AA137EB27A94CB90076CF40 /* ProfileView.swift in Sources */,
				6AAC70CE27A020BA003FCD27 /* EmailView.swift in Sources */,
				6AA1382D27AFF5C00076CF40 /* CustomAlertView.swift in Sources */,
				6AA137B327A500AA0076CF40 /* APIService.swift in Sources */,
				6A0F591727B6C25000EA9047 /* CollectionViewFlowLayout.swift in Sources */,
				6A0F591527B6ABF100EA9047 /* QueueRepositoryInterface.swift in Sources */,
				6AA137D027A795970076CF40 /* ShopViewController.swift in Sources */,
				6AA137CE27A7954C0076CF40 /* HomeViewController.swift in Sources */,
				6A0F592F27B8AF2C00EA9047 /* FindFriendsViewController.swift in Sources */,
				6AA137C827A78C780076CF40 /* TabBarCoordinator.swift in Sources */,
				6A0F593127B8AFB400EA9047 /* FindFriendsViewModel.swift in Sources */,
				6AEA437327B96D4900BFD56F /* ViewModel.swift in Sources */,
				6A0AB7CA279CFC68009C80E9 /* Coordinator.swift in Sources */,
				6AA1381227AE715F0076CF40 /* ProfileViewModel.swift in Sources */,
				6A0F58EF27B0EC2F00EA9047 /* Images+Generated.swift in Sources */,
				6AEA436F27B934B700BFD56F /* CustomCardView.swift in Sources */,
				6AA1382527AFA3B90076CF40 /* UserDefaultRepository.swift in Sources */,
				6A0F591A27B6C36500EA9047 /* FindHobbyViweModel.swift in Sources */,
				6A0F590427B4071400EA9047 /* NetworkError.swift in Sources */,
				6AAC709E279DBB36003FCD27 /* BaseViewController.swift in Sources */,
				6AAC70D027A020C2003FCD27 /* EmailViewController.swift in Sources */,
				6AAC709C279DB9D4003FCD27 /* Login2ViewController.swift in Sources */,
				6AA137E127A7BCB70076CF40 /* MyProfileCoordinator.swift in Sources */,
				6AA137BA27A506DF0076CF40 /* GetUserResponseDTO.swift in Sources */,
				6AAC70C227A01F26003FCD27 /* NicknameViewModel.swift in Sources */,
				6A0AB7D3279D079D009C80E9 /* LoginViewModel.swift in Sources */,
				6AAC70A6279E9B09003FCD27 /* AuthCoordinator.swift in Sources */,
				6A0F590227B4058C00EA9047 /* QueueRepository.swift in Sources */,
				6A0AB7B527987A65009C80E9 /* UITextField+Extension.swift in Sources */,
				6AA137DB27A7BC950076CF40 /* HomeCoordinator.swift in Sources */,
				6AEA436D27B90E6000BFD56F /* PageCollectionViewCell.swift in Sources */,
				6AA1382227AEB5EA0076CF40 /* UserData.swift in Sources */,
				6A0F58FB27B2D46C00EA9047 /* OtherUserData.swift in Sources */,
				6A0AB7952798610E009C80E9 /* UIFont+Extension.swift in Sources */,
				6AAC70D227A020CA003FCD27 /* GenderView.swift in Sources */,
				6A0F590027B4058100EA9047 /* UserRepository.swift in Sources */,
				6AAC709A279DADA8003FCD27 /* String+Extension.swift in Sources */,
				6A0F58F727B2CE3100EA9047 /* Double+Extension.swift in Sources */,
				6AAC70C827A01F43003FCD27 /* GenderViewModel.swift in Sources */,
				6A0AB7BD27993F32009C80E9 /* CustomButton.swift in Sources */,
				6AEA436627B8F58900BFD56F /* CustomMenuBar.swift in Sources */,
				6AA1383327AFFB360076CF40 /* AlertUseCase.swift in Sources */,
				6AAC70C027A01E97003FCD27 /* NicknameViewController.swift in Sources */,
				6A0AB79327986002009C80E9 /* UIColor+Extension.swift in Sources */,
				6AEA436827B8F59700BFD56F /* CustomMenuBarCell.swift in Sources */,
				6A0F58F927B2D32B00EA9047 /* OnQueueResponseDTO.swift in Sources */,
				6AAC70C627A01F38003FCD27 /* EmailViewModel.swift in Sources */,
				6AA137B827A501C00076CF40 /* APIKey.swift in Sources */,
				6A0AB7C127994872009C80E9 /* OnboardingView.swift in Sources */,
				6A0F593627B8B02B00EA9047 /* FindFriendsUseCase.swift in Sources */,
				6A0F590A27B55ADE00EA9047 /* FindHobbyView.swift in Sources */,
				6A0AB7D1279D0795009C80E9 /* LoginViewController.swift in Sources */,
				6A0F590F27B6A5A300EA9047 /* OnQueueRequestDTO.swift in Sources */,
				6AA1382F27AFF7EC0076CF40 /* AlertViewController.swift in Sources */,
				6AA137DD27A7BCA40076CF40 /* ShopCoordinator.swift in Sources */,
				6AA137D427A795C10076CF40 /* MyProfileViewController.swift in Sources */,
				6A0F590D27B6A59400EA9047 /* RegisterUserRequestDTO.swift in Sources */,
				6A0F58FE27B4056D00EA9047 /* FirebaseRepository.swift in Sources */,
				6AA1381627AE71F70076CF40 /* ProfileUseCase.swift in Sources */,
				6AA137F327AA29750076CF40 /* UIImage+Extension.swift in Sources */,
				6AAC70D427A020D5003FCD27 /* GenderViewController.swift in Sources */,
				6AA1382827AFA5D50076CF40 /* UserDefaultKey.swift in Sources */,
				6A0F591D27B6C3BB00EA9047 /* FindHobbyUseCase.swift in Sources */,
				6AAC70B4279FCE59003FCD27 /* OnboardingViewModel.swift in Sources */,
				6A0AB7B327987319009C80E9 /* UIButton+Extension.swift in Sources */,
				6A0AB7DC279D10E1009C80E9 /* LoginView.swift in Sources */,
				6A0F590827B55A8400EA9047 /* FindHobbyViewController.swift in Sources */,
				6A0F592327B7939A00EA9047 /* BaseCollectionView.swift in Sources */,
				6A0AB7BA2798E8C0009C80E9 /* CustomTextField.swift in Sources */,
				6AA1383127AFFAEF0076CF40 /* AlertViewModel.swift in Sources */,
				6AA137DF27A7BCAD0076CF40 /* FriendsCoordinator.swift in Sources */,
				6AAC70AE279FC37B003FCD27 /* LoginUseCase.swift in Sources */,
				6A0F58EA27B0E39700EA9047 /* HomeView.swift in Sources */,
				6AAC70CC27A020B2003FCD27 /* BirthViewController.swift in Sources */,
				6A0F58F127B2A3A800EA9047 /* HomeViewModel.swift in Sources */,
				6AAC70CA27A020A8003FCD27 /* BirthView.swift in Sources */,
				6AAC70C427A01F31003FCD27 /* BirthViewModel.swift in Sources */,
				6AA137E727A9433C0076CF40 /* MyProfileView.swift in Sources */,
				6AA137D727A7AD430076CF40 /* CoordinatorFinishDelegate.swift in Sources */,
				6A0F58F327B2A3DC00EA9047 /* HomeUseCase.swift in Sources */,
			);
			runOnlyForDeploymentPostprocessing = 0;
		};
/* End PBXSourcesBuildPhase section */

/* Begin PBXVariantGroup section */
		6AE45815279679FF006B142C /* LaunchScreen.storyboard */ = {
			isa = PBXVariantGroup;
			children = (
				6AE45816279679FF006B142C /* Base */,
			);
			name = LaunchScreen.storyboard;
			sourceTree = "<group>";
		};
/* End PBXVariantGroup section */

/* Begin XCBuildConfiguration section */
		6AE45819279679FF006B142C /* Debug */ = {
			isa = XCBuildConfiguration;
			buildSettings = {
				ALWAYS_SEARCH_USER_PATHS = NO;
				CLANG_ANALYZER_NONNULL = YES;
				CLANG_ANALYZER_NUMBER_OBJECT_CONVERSION = YES_AGGRESSIVE;
				CLANG_CXX_LANGUAGE_STANDARD = "gnu++17";
				CLANG_CXX_LIBRARY = "libc++";
				CLANG_ENABLE_MODULES = YES;
				CLANG_ENABLE_OBJC_ARC = YES;
				CLANG_ENABLE_OBJC_WEAK = YES;
				CLANG_WARN_BLOCK_CAPTURE_AUTORELEASING = YES;
				CLANG_WARN_BOOL_CONVERSION = YES;
				CLANG_WARN_COMMA = YES;
				CLANG_WARN_CONSTANT_CONVERSION = YES;
				CLANG_WARN_DEPRECATED_OBJC_IMPLEMENTATIONS = YES;
				CLANG_WARN_DIRECT_OBJC_ISA_USAGE = YES_ERROR;
				CLANG_WARN_DOCUMENTATION_COMMENTS = YES;
				CLANG_WARN_EMPTY_BODY = YES;
				CLANG_WARN_ENUM_CONVERSION = YES;
				CLANG_WARN_INFINITE_RECURSION = YES;
				CLANG_WARN_INT_CONVERSION = YES;
				CLANG_WARN_NON_LITERAL_NULL_CONVERSION = YES;
				CLANG_WARN_OBJC_IMPLICIT_RETAIN_SELF = YES;
				CLANG_WARN_OBJC_LITERAL_CONVERSION = YES;
				CLANG_WARN_OBJC_ROOT_CLASS = YES_ERROR;
				CLANG_WARN_QUOTED_INCLUDE_IN_FRAMEWORK_HEADER = YES;
				CLANG_WARN_RANGE_LOOP_ANALYSIS = YES;
				CLANG_WARN_STRICT_PROTOTYPES = YES;
				CLANG_WARN_SUSPICIOUS_MOVE = YES;
				CLANG_WARN_UNGUARDED_AVAILABILITY = YES_AGGRESSIVE;
				CLANG_WARN_UNREACHABLE_CODE = YES;
				CLANG_WARN__DUPLICATE_METHOD_MATCH = YES;
				COPY_PHASE_STRIP = NO;
				DEBUG_INFORMATION_FORMAT = dwarf;
				ENABLE_STRICT_OBJC_MSGSEND = YES;
				ENABLE_TESTABILITY = YES;
				GCC_C_LANGUAGE_STANDARD = gnu11;
				GCC_DYNAMIC_NO_PIC = NO;
				GCC_NO_COMMON_BLOCKS = YES;
				GCC_OPTIMIZATION_LEVEL = 0;
				GCC_PREPROCESSOR_DEFINITIONS = (
					"DEBUG=1",
					"$(inherited)",
				);
				GCC_WARN_64_TO_32_BIT_CONVERSION = YES;
				GCC_WARN_ABOUT_RETURN_TYPE = YES_ERROR;
				GCC_WARN_UNDECLARED_SELECTOR = YES;
				GCC_WARN_UNINITIALIZED_AUTOS = YES_AGGRESSIVE;
				GCC_WARN_UNUSED_FUNCTION = YES;
				GCC_WARN_UNUSED_VARIABLE = YES;
				IPHONEOS_DEPLOYMENT_TARGET = 15.0;
				MTL_ENABLE_DEBUG_INFO = INCLUDE_SOURCE;
				MTL_FAST_MATH = YES;
				ONLY_ACTIVE_ARCH = YES;
				SDKROOT = iphoneos;
				SWIFT_ACTIVE_COMPILATION_CONDITIONS = DEBUG;
				SWIFT_OPTIMIZATION_LEVEL = "-Onone";
			};
			name = Debug;
		};
		6AE4581A279679FF006B142C /* Release */ = {
			isa = XCBuildConfiguration;
			buildSettings = {
				ALWAYS_SEARCH_USER_PATHS = NO;
				CLANG_ANALYZER_NONNULL = YES;
				CLANG_ANALYZER_NUMBER_OBJECT_CONVERSION = YES_AGGRESSIVE;
				CLANG_CXX_LANGUAGE_STANDARD = "gnu++17";
				CLANG_CXX_LIBRARY = "libc++";
				CLANG_ENABLE_MODULES = YES;
				CLANG_ENABLE_OBJC_ARC = YES;
				CLANG_ENABLE_OBJC_WEAK = YES;
				CLANG_WARN_BLOCK_CAPTURE_AUTORELEASING = YES;
				CLANG_WARN_BOOL_CONVERSION = YES;
				CLANG_WARN_COMMA = YES;
				CLANG_WARN_CONSTANT_CONVERSION = YES;
				CLANG_WARN_DEPRECATED_OBJC_IMPLEMENTATIONS = YES;
				CLANG_WARN_DIRECT_OBJC_ISA_USAGE = YES_ERROR;
				CLANG_WARN_DOCUMENTATION_COMMENTS = YES;
				CLANG_WARN_EMPTY_BODY = YES;
				CLANG_WARN_ENUM_CONVERSION = YES;
				CLANG_WARN_INFINITE_RECURSION = YES;
				CLANG_WARN_INT_CONVERSION = YES;
				CLANG_WARN_NON_LITERAL_NULL_CONVERSION = YES;
				CLANG_WARN_OBJC_IMPLICIT_RETAIN_SELF = YES;
				CLANG_WARN_OBJC_LITERAL_CONVERSION = YES;
				CLANG_WARN_OBJC_ROOT_CLASS = YES_ERROR;
				CLANG_WARN_QUOTED_INCLUDE_IN_FRAMEWORK_HEADER = YES;
				CLANG_WARN_RANGE_LOOP_ANALYSIS = YES;
				CLANG_WARN_STRICT_PROTOTYPES = YES;
				CLANG_WARN_SUSPICIOUS_MOVE = YES;
				CLANG_WARN_UNGUARDED_AVAILABILITY = YES_AGGRESSIVE;
				CLANG_WARN_UNREACHABLE_CODE = YES;
				CLANG_WARN__DUPLICATE_METHOD_MATCH = YES;
				COPY_PHASE_STRIP = NO;
				DEBUG_INFORMATION_FORMAT = "dwarf-with-dsym";
				ENABLE_NS_ASSERTIONS = NO;
				ENABLE_STRICT_OBJC_MSGSEND = YES;
				GCC_C_LANGUAGE_STANDARD = gnu11;
				GCC_NO_COMMON_BLOCKS = YES;
				GCC_WARN_64_TO_32_BIT_CONVERSION = YES;
				GCC_WARN_ABOUT_RETURN_TYPE = YES_ERROR;
				GCC_WARN_UNDECLARED_SELECTOR = YES;
				GCC_WARN_UNINITIALIZED_AUTOS = YES_AGGRESSIVE;
				GCC_WARN_UNUSED_FUNCTION = YES;
				GCC_WARN_UNUSED_VARIABLE = YES;
				IPHONEOS_DEPLOYMENT_TARGET = 15.0;
				MTL_ENABLE_DEBUG_INFO = NO;
				MTL_FAST_MATH = YES;
				SDKROOT = iphoneos;
				SWIFT_COMPILATION_MODE = wholemodule;
				SWIFT_OPTIMIZATION_LEVEL = "-O";
				VALIDATE_PRODUCT = YES;
			};
			name = Release;
		};
		6AE4581C279679FF006B142C /* Debug */ = {
			isa = XCBuildConfiguration;
			baseConfigurationReference = 2CCF4F39A7AEB8F55B225490 /* Pods-SeSACFriendsApp.debug.xcconfig */;
			buildSettings = {
				ASSETCATALOG_COMPILER_APPICON_NAME = AppIcon;
				ASSETCATALOG_COMPILER_GLOBAL_ACCENT_COLOR_NAME = AccentColor;
				CODE_SIGN_ENTITLEMENTS = SeSACFriendsApp/SeSACFriendsApp.entitlements;
				CODE_SIGN_STYLE = Automatic;
				CURRENT_PROJECT_VERSION = 1;
				DEVELOPMENT_TEAM = 2EZ5QWFYX2;
				GENERATE_INFOPLIST_FILE = YES;
				INFOPLIST_FILE = SeSACFriendsApp/Info.plist;
				INFOPLIST_KEY_UIApplicationSupportsIndirectInputEvents = YES;
				INFOPLIST_KEY_UILaunchStoryboardName = LaunchScreen;
				INFOPLIST_KEY_UIMainStoryboardFile = LaunchScreen;
				INFOPLIST_KEY_UISupportedInterfaceOrientations_iPad = "UIInterfaceOrientationPortrait UIInterfaceOrientationPortraitUpsideDown UIInterfaceOrientationLandscapeLeft UIInterfaceOrientationLandscapeRight";
				INFOPLIST_KEY_UISupportedInterfaceOrientations_iPhone = "UIInterfaceOrientationPortrait UIInterfaceOrientationLandscapeLeft UIInterfaceOrientationLandscapeRight";
				LD_RUNPATH_SEARCH_PATHS = (
					"$(inherited)",
					"@executable_path/Frameworks",
				);
				MARKETING_VERSION = 1.0;
				PRODUCT_BUNDLE_IDENTIFIER = com.memolease.sesac1;
				PRODUCT_NAME = "$(TARGET_NAME)";
				SWIFT_EMIT_LOC_STRINGS = YES;
				SWIFT_VERSION = 5.0;
				TARGETED_DEVICE_FAMILY = "1,2";
			};
			name = Debug;
		};
		6AE4581D279679FF006B142C /* Release */ = {
			isa = XCBuildConfiguration;
			baseConfigurationReference = CC69A5A2F0778F0A33669F28 /* Pods-SeSACFriendsApp.release.xcconfig */;
			buildSettings = {
				ASSETCATALOG_COMPILER_APPICON_NAME = AppIcon;
				ASSETCATALOG_COMPILER_GLOBAL_ACCENT_COLOR_NAME = AccentColor;
				CODE_SIGN_ENTITLEMENTS = SeSACFriendsApp/SeSACFriendsApp.entitlements;
				CODE_SIGN_STYLE = Automatic;
				CURRENT_PROJECT_VERSION = 1;
				DEVELOPMENT_TEAM = 2EZ5QWFYX2;
				GENERATE_INFOPLIST_FILE = YES;
				INFOPLIST_FILE = SeSACFriendsApp/Info.plist;
				INFOPLIST_KEY_UIApplicationSupportsIndirectInputEvents = YES;
				INFOPLIST_KEY_UILaunchStoryboardName = LaunchScreen;
				INFOPLIST_KEY_UIMainStoryboardFile = LaunchScreen;
				INFOPLIST_KEY_UISupportedInterfaceOrientations_iPad = "UIInterfaceOrientationPortrait UIInterfaceOrientationPortraitUpsideDown UIInterfaceOrientationLandscapeLeft UIInterfaceOrientationLandscapeRight";
				INFOPLIST_KEY_UISupportedInterfaceOrientations_iPhone = "UIInterfaceOrientationPortrait UIInterfaceOrientationLandscapeLeft UIInterfaceOrientationLandscapeRight";
				LD_RUNPATH_SEARCH_PATHS = (
					"$(inherited)",
					"@executable_path/Frameworks",
				);
				MARKETING_VERSION = 1.0;
				PRODUCT_BUNDLE_IDENTIFIER = com.memolease.sesac1;
				PRODUCT_NAME = "$(TARGET_NAME)";
				SWIFT_EMIT_LOC_STRINGS = YES;
				SWIFT_VERSION = 5.0;
				TARGETED_DEVICE_FAMILY = "1,2";
			};
			name = Release;
		};
/* End XCBuildConfiguration section */

/* Begin XCConfigurationList section */
		6AE45802279679FD006B142C /* Build configuration list for PBXProject "SeSACFriendsApp" */ = {
			isa = XCConfigurationList;
			buildConfigurations = (
				6AE45819279679FF006B142C /* Debug */,
				6AE4581A279679FF006B142C /* Release */,
			);
			defaultConfigurationIsVisible = 0;
			defaultConfigurationName = Release;
		};
		6AE4581B279679FF006B142C /* Build configuration list for PBXNativeTarget "SeSACFriendsApp" */ = {
			isa = XCConfigurationList;
			buildConfigurations = (
				6AE4581C279679FF006B142C /* Debug */,
				6AE4581D279679FF006B142C /* Release */,
			);
			defaultConfigurationIsVisible = 0;
			defaultConfigurationName = Release;
		};
/* End XCConfigurationList section */

/* Begin XCRemoteSwiftPackageReference section */
		6A0F592427B7DC9A00EA9047 /* XCRemoteSwiftPackageReference "RxKeyboard" */ = {
			isa = XCRemoteSwiftPackageReference;
			repositoryURL = "https://github.com/RxSwiftCommunity/RxKeyboard.git";
			requirement = {
				kind = upToNextMajorVersion;
				minimumVersion = 2.0.0;
			};
		};
		6AA137F427AE1D3F0076CF40 /* XCRemoteSwiftPackageReference "Moya" */ = {
			isa = XCRemoteSwiftPackageReference;
			repositoryURL = "https://github.com/Moya/Moya.git";
			requirement = {
				branch = master;
				kind = branch;
			};
		};
		6AA137F727AE1D4E0076CF40 /* XCRemoteSwiftPackageReference "RxSwift" */ = {
			isa = XCRemoteSwiftPackageReference;
			repositoryURL = "https://github.com/ReactiveX/RxSwift.git";
			requirement = {
				branch = main;
				kind = branch;
			};
		};
		6AA1380127AE1D980076CF40 /* XCRemoteSwiftPackageReference "firebase-ios-sdk" */ = {
			isa = XCRemoteSwiftPackageReference;
			repositoryURL = "https://github.com/firebase/firebase-ios-sdk";
			requirement = {
				kind = upToNextMajorVersion;
				minimumVersion = 8.0.0;
			};
		};
		6AA1380627AE1DA80076CF40 /* XCRemoteSwiftPackageReference "Toast-Swift" */ = {
			isa = XCRemoteSwiftPackageReference;
			repositoryURL = "https://github.com/scalessec/Toast-Swift.git";
			requirement = {
				branch = master;
				kind = branch;
			};
		};
		6AA1383627B008CF0076CF40 /* XCRemoteSwiftPackageReference "SnapKit" */ = {
			isa = XCRemoteSwiftPackageReference;
			repositoryURL = "https://github.com/SnapKit/SnapKit.git";
			requirement = {
				branch = develop;
				kind = branch;
			};
		};
/* End XCRemoteSwiftPackageReference section */

/* Begin XCSwiftPackageProductDependency section */
		6A0F592527B7DC9B00EA9047 /* RxKeyboard */ = {
			isa = XCSwiftPackageProductDependency;
			package = 6A0F592427B7DC9A00EA9047 /* XCRemoteSwiftPackageReference "RxKeyboard" */;
			productName = RxKeyboard;
		};
		6AA137F527AE1D3F0076CF40 /* Moya */ = {
			isa = XCSwiftPackageProductDependency;
			package = 6AA137F427AE1D3F0076CF40 /* XCRemoteSwiftPackageReference "Moya" */;
			productName = Moya;
		};
		6AA137F827AE1D4E0076CF40 /* RxCocoa */ = {
			isa = XCSwiftPackageProductDependency;
			package = 6AA137F727AE1D4E0076CF40 /* XCRemoteSwiftPackageReference "RxSwift" */;
			productName = RxCocoa;
		};
		6AA137FA27AE1D4E0076CF40 /* RxRelay */ = {
			isa = XCSwiftPackageProductDependency;
			package = 6AA137F727AE1D4E0076CF40 /* XCRemoteSwiftPackageReference "RxSwift" */;
			productName = RxRelay;
		};
		6AA137FC27AE1D4E0076CF40 /* RxSwift */ = {
			isa = XCSwiftPackageProductDependency;
			package = 6AA137F727AE1D4E0076CF40 /* XCRemoteSwiftPackageReference "RxSwift" */;
			productName = RxSwift;
		};
		6AA1380227AE1D980076CF40 /* FirebaseAuth */ = {
			isa = XCSwiftPackageProductDependency;
			package = 6AA1380127AE1D980076CF40 /* XCRemoteSwiftPackageReference "firebase-ios-sdk" */;
			productName = FirebaseAuth;
		};
		6AA1380427AE1D980076CF40 /* FirebaseMessaging */ = {
			isa = XCSwiftPackageProductDependency;
			package = 6AA1380127AE1D980076CF40 /* XCRemoteSwiftPackageReference "firebase-ios-sdk" */;
			productName = FirebaseMessaging;
		};
		6AA1380727AE1DA80076CF40 /* Toast */ = {
			isa = XCSwiftPackageProductDependency;
			package = 6AA1380627AE1DA80076CF40 /* XCRemoteSwiftPackageReference "Toast-Swift" */;
			productName = Toast;
		};
		6AA1383727B008D00076CF40 /* SnapKit */ = {
			isa = XCSwiftPackageProductDependency;
			package = 6AA1383627B008CF0076CF40 /* XCRemoteSwiftPackageReference "SnapKit" */;
			productName = SnapKit;
		};
/* End XCSwiftPackageProductDependency section */
	};
	rootObject = 6AE457FF279679FD006B142C /* Project object */;
}
